// !$*UTF8*$!
{
	archiveVersion = 1;
	classes = {
	};
	objectVersion = 52;
	objects = {

/* Begin PBXBuildFile section */
		130195F5265F329300FB8223 /* SettingsNavigator.swift in Sources */ = {isa = PBXBuildFile; fileRef = 130195F4265F329300FB8223 /* SettingsNavigator.swift */; };
		130C3ABF265795F000C7425D /* NetService+Rx.swift in Sources */ = {isa = PBXBuildFile; fileRef = 130C3ABE265795F000C7425D /* NetService+Rx.swift */; };
		130C3AC1265795FD00C7425D /* NetServiceBrowser+Rx.swift in Sources */ = {isa = PBXBuildFile; fileRef = 130C3AC0265795FD00C7425D /* NetServiceBrowser+Rx.swift */; };
		130C3AC62657A7BC00C7425D /* DeviceInfoItemViewModel.swift in Sources */ = {isa = PBXBuildFile; fileRef = 130C3AC52657A7BC00C7425D /* DeviceInfoItemViewModel.swift */; };
		130CEFCA264DBB9900BECFDF /* DeviceCell.swift in Sources */ = {isa = PBXBuildFile; fileRef = 130CEFC9264DBB9900BECFDF /* DeviceCell.swift */; };
		130CEFCC264DCA9300BECFDF /* BrightnessSlider.swift in Sources */ = {isa = PBXBuildFile; fileRef = 130CEFCB264DCA9300BECFDF /* BrightnessSlider.swift */; };
		131C4E3E27B9050F00EBAFC8 /* SegmentSettings.swift in Sources */ = {isa = PBXBuildFile; fileRef = 131C4E3D27B9050F00EBAFC8 /* SegmentSettings.swift */; };
		13209477264C9F1F007049D7 /* DevicesViewController.swift in Sources */ = {isa = PBXBuildFile; fileRef = 13209476264C9F1F007049D7 /* DevicesViewController.swift */; };
		13233CA0265726F2005B1270 /* Application.swift in Sources */ = {isa = PBXBuildFile; fileRef = 13233C9F265726F2005B1270 /* Application.swift */; };
		13233CA226572E71005B1270 /* DevicesViewModel.swift in Sources */ = {isa = PBXBuildFile; fileRef = 13233CA126572E71005B1270 /* DevicesViewModel.swift */; };
		13233CA426572F06005B1270 /* DevicesNavigator.swift in Sources */ = {isa = PBXBuildFile; fileRef = 13233CA326572F06005B1270 /* DevicesNavigator.swift */; };
		13233CA6265733C6005B1270 /* JSON+Utils.swift in Sources */ = {isa = PBXBuildFile; fileRef = 1380FFC52654AAEA00FC692E /* JSON+Utils.swift */; };
		13233CA7265733F0005B1270 /* Repository.swift in Sources */ = {isa = PBXBuildFile; fileRef = 13233C8C2656E286005B1270 /* Repository.swift */; };
		13233CA8265733F6005B1270 /* FetchedResultsControllerEntityObserver.swift in Sources */ = {isa = PBXBuildFile; fileRef = 13233C912656E362005B1270 /* FetchedResultsControllerEntityObserver.swift */; };
		13233CA9265733F6005B1270 /* NSManagedObjectContext+Rx.swift in Sources */ = {isa = PBXBuildFile; fileRef = 13233C932656E37A005B1270 /* NSManagedObjectContext+Rx.swift */; };
		13233CAA265733F6005B1270 /* ContexScheduler.swift in Sources */ = {isa = PBXBuildFile; fileRef = 13233C8F2656E336005B1270 /* ContexScheduler.swift */; };
		13233CAB265733FB005B1270 /* NSManagedObjectContext+Ext.swift in Sources */ = {isa = PBXBuildFile; fileRef = 138F328B2656463100379A0F /* NSManagedObjectContext+Ext.swift */; };
		13233CAC265733FB005B1270 /* Observable+Ext.swift in Sources */ = {isa = PBXBuildFile; fileRef = 13233C962656E448005B1270 /* Observable+Ext.swift */; };
		13233CAD26573400005B1270 /* WLEDDevice+Ext.swift in Sources */ = {isa = PBXBuildFile; fileRef = 134DF8D326545BB1005B7DFE /* WLEDDevice+Ext.swift */; };
		13233CAE26573400005B1270 /* WLEDDevice+CoreDataProperties.swift in Sources */ = {isa = PBXBuildFile; fileRef = 132853B02652EDFF006F3692 /* WLEDDevice+CoreDataProperties.swift */; };
		13233CB026573403005B1270 /* DomainConvertibleType.swift in Sources */ = {isa = PBXBuildFile; fileRef = 13233C9A2656E472005B1270 /* DomainConvertibleType.swift */; };
		13233CB126573403005B1270 /* Persistable.swift in Sources */ = {isa = PBXBuildFile; fileRef = 13233C992656E472005B1270 /* Persistable.swift */; };
		13233CB22657340B005B1270 /* UseCaseProvider.swift in Sources */ = {isa = PBXBuildFile; fileRef = 13233C892656E23F005B1270 /* UseCaseProvider.swift */; };
		13233CB32657340B005B1270 /* DevicesUseCaseProtocol.swift in Sources */ = {isa = PBXBuildFile; fileRef = 134DF8D82654609C005B7DFE /* DevicesUseCaseProtocol.swift */; };
		13233CB42657340B005B1270 /* DevicesUseCase.swift in Sources */ = {isa = PBXBuildFile; fileRef = 13233C9D2656FFB2005B1270 /* DevicesUseCase.swift */; };
		13233CB52657340D005B1270 /* CoreDataStack.swift in Sources */ = {isa = PBXBuildFile; fileRef = 134DF8CB2654595A005B7DFE /* CoreDataStack.swift */; };
		13233CB62657341A005B1270 /* StateAPI.swift in Sources */ = {isa = PBXBuildFile; fileRef = 138F32912656479900379A0F /* StateAPI.swift */; };
		13233CBC26573426005B1270 /* State.swift in Sources */ = {isa = PBXBuildFile; fileRef = 13209481264D1534007049D7 /* State.swift */; };
		13233CBD26573426005B1270 /* Device.swift in Sources */ = {isa = PBXBuildFile; fileRef = 134DF8D526545C24005B7DFE /* Device.swift */; };
		13233CBE26573426005B1270 /* Nightlight.swift in Sources */ = {isa = PBXBuildFile; fileRef = 1380FFC12654A82200FC692E /* Nightlight.swift */; };
		13233CBF26573426005B1270 /* Segment.swift in Sources */ = {isa = PBXBuildFile; fileRef = 1380FFC32654A83F00FC692E /* Segment.swift */; };
		13233CC026573426005B1270 /* Info.swift in Sources */ = {isa = PBXBuildFile; fileRef = 130CEFC2264D1D5900BECFDF /* Info.swift */; };
		132853B726530C9E006F3692 /* SettingsViewController.swift in Sources */ = {isa = PBXBuildFile; fileRef = 132853B626530C9E006F3692 /* SettingsViewController.swift */; };
		132998672791759200FF8C6C /* DeviceDetailViewController.swift in Sources */ = {isa = PBXBuildFile; fileRef = 132998662791759200FF8C6C /* DeviceDetailViewController.swift */; };
		13299869279175A100FF8C6C /* DeviceDetailNavigator.swift in Sources */ = {isa = PBXBuildFile; fileRef = 13299868279175A100FF8C6C /* DeviceDetailNavigator.swift */; };
		1329986B279175AC00FF8C6C /* DeviceDetailViewModel.swift in Sources */ = {isa = PBXBuildFile; fileRef = 1329986A279175AC00FF8C6C /* DeviceDetailViewModel.swift */; };
		1329986D2791778200FF8C6C /* SegmentCell.swift in Sources */ = {isa = PBXBuildFile; fileRef = 1329986C2791778200FF8C6C /* SegmentCell.swift */; };
		1329986F279177BC00FF8C6C /* SegmentItemViewModel.swift in Sources */ = {isa = PBXBuildFile; fileRef = 1329986E279177BC00FF8C6C /* SegmentItemViewModel.swift */; };
		134925C827915746002B5A95 /* EditSegmentViewController.swift in Sources */ = {isa = PBXBuildFile; fileRef = 134925C727915746002B5A95 /* EditSegmentViewController.swift */; };
		134925CA279157AE002B5A95 /* EditSegmentNavigator.swift in Sources */ = {isa = PBXBuildFile; fileRef = 134925C9279157AE002B5A95 /* EditSegmentNavigator.swift */; };
		134925CD279157FD002B5A95 /* EditSegmentViewModel.swift in Sources */ = {isa = PBXBuildFile; fileRef = 134925CC279157FD002B5A95 /* EditSegmentViewModel.swift */; };
		134A2B2B27963B0100CF45C8 /* ColorGradientAnimation.swift in Sources */ = {isa = PBXBuildFile; fileRef = 134A2B2A27963B0100CF45C8 /* ColorGradientAnimation.swift */; };
		13512FE82658B1DF00C4040F /* WLEDDevice+CoreDataClass.swift in Sources */ = {isa = PBXBuildFile; fileRef = 13512FE72658B1DF00C4040F /* WLEDDevice+CoreDataClass.swift */; };
		13512FE92659050F00C4040F /* Model.xcdatamodeld in Sources */ = {isa = PBXBuildFile; fileRef = 135CFDBD2656396600D05757 /* Model.xcdatamodeld */; };
		1356002A2658362C00B16B59 /* ConfigureDeviceViewModel.swift in Sources */ = {isa = PBXBuildFile; fileRef = 135600292658362C00B16B59 /* ConfigureDeviceViewModel.swift */; };
		1356002C2658363B00B16B59 /* ConfigureDeviceNavigator.swift in Sources */ = {isa = PBXBuildFile; fileRef = 1356002B2658363B00B16B59 /* ConfigureDeviceNavigator.swift */; };
		135704BC26562A6600B74344 /* ViewModelType.swift in Sources */ = {isa = PBXBuildFile; fileRef = 135704BB26562A6600B74344 /* ViewModelType.swift */; };
		13577F4726576E410074329C /* DiscoverDeviceNavigator.swift in Sources */ = {isa = PBXBuildFile; fileRef = 13577F4626576E410074329C /* DiscoverDeviceNavigator.swift */; };
		13577F4926576E670074329C /* DiscoverDeviceViewModel.swift in Sources */ = {isa = PBXBuildFile; fileRef = 13577F4826576E670074329C /* DiscoverDeviceViewModel.swift */; };
		1357CD192653A85F009731D6 /* UIColor+Int.swift in Sources */ = {isa = PBXBuildFile; fileRef = 1357CD182653A85F009731D6 /* UIColor+Int.swift */; };
		135EE151264731A00027909B /* AppDelegate.swift in Sources */ = {isa = PBXBuildFile; fileRef = 135EE150264731A00027909B /* AppDelegate.swift */; };
		135EE153264731A00027909B /* SceneDelegate.swift in Sources */ = {isa = PBXBuildFile; fileRef = 135EE152264731A00027909B /* SceneDelegate.swift */; };
		135EE15D264731A10027909B /* Assets.xcassets in Resources */ = {isa = PBXBuildFile; fileRef = 135EE15C264731A10027909B /* Assets.xcassets */; };
		135EE160264731A10027909B /* LaunchScreen.storyboard in Resources */ = {isa = PBXBuildFile; fileRef = 135EE15E264731A10027909B /* LaunchScreen.storyboard */; };
		1367385727916DF800305321 /* SegmentAPI.swift in Sources */ = {isa = PBXBuildFile; fileRef = 1367385627916DF800305321 /* SegmentAPI.swift */; };
		136841CE265CC51000C828BF /* Store.swift in Sources */ = {isa = PBXBuildFile; fileRef = 136841CD265CC51000C828BF /* Store.swift */; };
		136841D0265CD37500C828BF /* StoreAPI.swift in Sources */ = {isa = PBXBuildFile; fileRef = 136841CF265CD37500C828BF /* StoreAPI.swift */; };
		136841D2265CDEBA00C828BF /* Wifi.swift in Sources */ = {isa = PBXBuildFile; fileRef = 136841D1265CDEBA00C828BF /* Wifi.swift */; };
		136841D4265CDEF400C828BF /* Leds.swift in Sources */ = {isa = PBXBuildFile; fileRef = 136841D3265CDEF400C828BF /* Leds.swift */; };
		136841D7265CDF6800C828BF /* FileSystem.swift in Sources */ = {isa = PBXBuildFile; fileRef = 136841D6265CDF6800C828BF /* FileSystem.swift */; };
		136EE14F2659B6500015C333 /* InfoAPI.swift in Sources */ = {isa = PBXBuildFile; fileRef = 136EE14E2659B6500015C333 /* InfoAPI.swift */; };
		136EE154265A360A0015C333 /* ActivityIndicator.swift in Sources */ = {isa = PBXBuildFile; fileRef = 136EE153265A360A0015C333 /* ActivityIndicator.swift */; };
		138535FE2797ED3500AB9915 /* SegmentSettingsViewController.swift in Sources */ = {isa = PBXBuildFile; fileRef = 138535FD2797ED3500AB9915 /* SegmentSettingsViewController.swift */; };
		138536002797F62F00AB9915 /* SegmentSettingsViewModel.swift in Sources */ = {isa = PBXBuildFile; fileRef = 138535FF2797F62F00AB9915 /* SegmentSettingsViewModel.swift */; };
		138536022797F63A00AB9915 /* SegmentSettingsNavigator.swift in Sources */ = {isa = PBXBuildFile; fileRef = 138536012797F63A00AB9915 /* SegmentSettingsNavigator.swift */; };
		138AAD5D278F62A800CB4FC3 /* ChromaColorPicker.swift in Sources */ = {isa = PBXBuildFile; fileRef = 138AAD4E278F62A800CB4FC3 /* ChromaColorPicker.swift */; };
		138AAD5E278F62A800CB4FC3 /* ColorWheelView.swift in Sources */ = {isa = PBXBuildFile; fileRef = 138AAD4F278F62A800CB4FC3 /* ColorWheelView.swift */; };
		138AAD5F278F62A800CB4FC3 /* ChromaControlStylable.swift in Sources */ = {isa = PBXBuildFile; fileRef = 138AAD50278F62A800CB4FC3 /* ChromaControlStylable.swift */; };
		138AAD60278F62A800CB4FC3 /* ChromaBrightnessSlider.swift in Sources */ = {isa = PBXBuildFile; fileRef = 138AAD52278F62A800CB4FC3 /* ChromaBrightnessSlider.swift */; };
		138AAD61278F62A800CB4FC3 /* UIView+Utils.swift in Sources */ = {isa = PBXBuildFile; fileRef = 138AAD54278F62A800CB4FC3 /* UIView+Utils.swift */; };
		138AAD62278F62A800CB4FC3 /* UIColor+Utils.swift in Sources */ = {isa = PBXBuildFile; fileRef = 138AAD55278F62A800CB4FC3 /* UIColor+Utils.swift */; };
		138AAD63278F62A800CB4FC3 /* UIColor+Brightness.swift in Sources */ = {isa = PBXBuildFile; fileRef = 138AAD56278F62A800CB4FC3 /* UIColor+Brightness.swift */; };
		138AAD64278F62A800CB4FC3 /* UIView+DropShadow.swift in Sources */ = {isa = PBXBuildFile; fileRef = 138AAD57278F62A800CB4FC3 /* UIView+DropShadow.swift */; };
		138AAD65278F62A800CB4FC3 /* SliderTrackView.swift in Sources */ = {isa = PBXBuildFile; fileRef = 138AAD59278F62A800CB4FC3 /* SliderTrackView.swift */; };
		138AAD66278F62A900CB4FC3 /* ChromaColorHandle.swift in Sources */ = {isa = PBXBuildFile; fileRef = 138AAD5A278F62A800CB4FC3 /* ChromaColorHandle.swift */; };
		138AAD67278F62A900CB4FC3 /* SliderHandleView.swift in Sources */ = {isa = PBXBuildFile; fileRef = 138AAD5B278F62A800CB4FC3 /* SliderHandleView.swift */; };
		1390518F26573BCB007CA620 /* ErrorErrorErrorUIKit.h in Headers */ = {isa = PBXBuildFile; fileRef = 1390518D26573BCB007CA620 /* ErrorErrorErrorUIKit.h */; settings = {ATTRIBUTES = (Public, ); }; };
		1390519726573C6C007CA620 /* CardModalTransitioningDelegate.swift in Sources */ = {isa = PBXBuildFile; fileRef = 139F9FC1265083810056FC57 /* CardModalTransitioningDelegate.swift */; };
		1390519826573C6C007CA620 /* CardModalPresentationController.swift in Sources */ = {isa = PBXBuildFile; fileRef = 139F9FC4265084520056FC57 /* CardModalPresentationController.swift */; };
		1390519A26574041007CA620 /* ErrorErrorErrorUIKit.framework in Frameworks */ = {isa = PBXBuildFile; fileRef = 1390518B26573BCB007CA620 /* ErrorErrorErrorUIKit.framework */; };
		1390519B26574041007CA620 /* ErrorErrorErrorUIKit.framework in Embed Frameworks */ = {isa = PBXBuildFile; fileRef = 1390518B26573BCB007CA620 /* ErrorErrorErrorUIKit.framework */; settings = {ATTRIBUTES = (CodeSignOnCopy, RemoveHeadersOnCopy, ); }; };
		13912EA52651A3D400BD5095 /* ManuallyAddDeviceViewController.swift in Sources */ = {isa = PBXBuildFile; fileRef = 13912EA42651A3D400BD5095 /* ManuallyAddDeviceViewController.swift */; };
		13912EB62651D6F200BD5095 /* ConfigureDeviceViewController.swift in Sources */ = {isa = PBXBuildFile; fileRef = 13912EB52651D6F200BD5095 /* ConfigureDeviceViewController.swift */; };
		13935DB4279340C0005BD65A /* AddSegmentFooterCell.swift in Sources */ = {isa = PBXBuildFile; fileRef = 13935DB3279340C0005BD65A /* AddSegmentFooterCell.swift */; };
		13935DB827935381005BD65A /* AddSegmentViewController.swift in Sources */ = {isa = PBXBuildFile; fileRef = 13935DB727935381005BD65A /* AddSegmentViewController.swift */; };
		13935DBA2793538B005BD65A /* AddSegmentViewModel.swift in Sources */ = {isa = PBXBuildFile; fileRef = 13935DB92793538B005BD65A /* AddSegmentViewModel.swift */; };
		13935DBC2793539D005BD65A /* AddSegmentNavigator.swift in Sources */ = {isa = PBXBuildFile; fileRef = 13935DBB2793539D005BD65A /* AddSegmentNavigator.swift */; };
		13935DBF2793B8C2005BD65A /* CardModalViewController.swift in Sources */ = {isa = PBXBuildFile; fileRef = 13935DBD27939EFE005BD65A /* CardModalViewController.swift */; };
		13935DC02793B8EF005BD65A /* UIScreen+cornerRadiusDevice.swift in Sources */ = {isa = PBXBuildFile; fileRef = 139F9FCB2650C59B0056FC57 /* UIScreen+cornerRadiusDevice.swift */; };
		13935DC42793BC61005BD65A /* Then in Frameworks */ = {isa = PBXBuildFile; productRef = 13935DC32793BC61005BD65A /* Then */; };
		1393CD0C2657508200BAAF44 /* DeviceItemViewModel.swift in Sources */ = {isa = PBXBuildFile; fileRef = 1393CD0B2657508200BAAF44 /* DeviceItemViewModel.swift */; };
		1399F2EF278ADFA00014A561 /* QueryKit in Frameworks */ = {isa = PBXBuildFile; productRef = 1399F2EE278ADFA00014A561 /* QueryKit */; };
		139F9FBF26507F050056FC57 /* DiscoverDeviceViewController.swift in Sources */ = {isa = PBXBuildFile; fileRef = 139F9FBE26507F050056FC57 /* DiscoverDeviceViewController.swift */; };
		139F9FC92650C09D0056FC57 /* DeviceInfoCollectionViewCell.swift in Sources */ = {isa = PBXBuildFile; fileRef = 139F9FC82650C09D0056FC57 /* DeviceInfoCollectionViewCell.swift */; };
		13AC4870278BDF1C00375C1A /* Network+Device.swift in Sources */ = {isa = PBXBuildFile; fileRef = 13AC486F278BDF1C00375C1A /* Network+Device.swift */; };
		13AC4872278C097300375C1A /* Relay.swift in Sources */ = {isa = PBXBuildFile; fileRef = 13AC4871278C097300375C1A /* Relay.swift */; };
		13AC4874278C0FAD00375C1A /* ViewModelType+Ext.swift in Sources */ = {isa = PBXBuildFile; fileRef = 13AC4873278C0FAD00375C1A /* ViewModelType+Ext.swift */; };
		13B3EEED278FA4C700C4AC6F /* ChromaColorPicker+Rx.swift in Sources */ = {isa = PBXBuildFile; fileRef = 13B3EEEC278FA4C700C4AC6F /* ChromaColorPicker+Rx.swift */; };
		13B3EEEF27902E4E00C4AC6F /* CollectionViewHeaderCell.swift in Sources */ = {isa = PBXBuildFile; fileRef = 13B3EEEE27902E4E00C4AC6F /* CollectionViewHeaderCell.swift */; };
		13B9D7132660B31D009BD4DD /* GradientView.swift in Sources */ = {isa = PBXBuildFile; fileRef = 13B9D7122660B31D009BD4DD /* GradientView.swift */; };
		13B9D7192660F63E009BD4DD /* LabelInset.swift in Sources */ = {isa = PBXBuildFile; fileRef = 13B9D7182660F63E009BD4DD /* LabelInset.swift */; };
		13BBEF36266302C400685C42 /* SettingsViewModel.swift in Sources */ = {isa = PBXBuildFile; fileRef = 13BBEF35266302C400685C42 /* SettingsViewModel.swift */; };
		13BF24BF278D5C7500AD74A9 /* Encodable+JSON.swift in Sources */ = {isa = PBXBuildFile; fileRef = 13BF24BE278D5C7500AD74A9 /* Encodable+JSON.swift */; };
		13C8A368278ADC3500875776 /* RxDataSources in Frameworks */ = {isa = PBXBuildFile; productRef = 13C8A367278ADC3500875776 /* RxDataSources */; };
		13C8A36B278ADC8100875776 /* RxBlocking in Frameworks */ = {isa = PBXBuildFile; productRef = 13C8A36A278ADC8100875776 /* RxBlocking */; };
		13C8A36D278ADC8100875776 /* RxCocoa in Frameworks */ = {isa = PBXBuildFile; productRef = 13C8A36C278ADC8100875776 /* RxCocoa */; };
		13C8A36F278ADC8100875776 /* RxRelay in Frameworks */ = {isa = PBXBuildFile; productRef = 13C8A36E278ADC8100875776 /* RxRelay */; };
		13C8A371278ADC8100875776 /* RxSwift in Frameworks */ = {isa = PBXBuildFile; productRef = 13C8A370278ADC8100875776 /* RxSwift */; };
		13C8A376278ADCA700875776 /* Alamofire in Frameworks */ = {isa = PBXBuildFile; productRef = 13C8A375278ADCA700875776 /* Alamofire */; };
		13C8A37A278ADD2D00875776 /* RxAlamofire in Frameworks */ = {isa = PBXBuildFile; productRef = 13C8A379278ADD2D00875776 /* RxAlamofire */; };
		13D3413F278C1410008D4762 /* Then in Frameworks */ = {isa = PBXBuildFile; productRef = 13D3413E278C1410008D4762 /* Then */; };
		13E33D0E27B9C92E0072E767 /* CommonCell.swift in Sources */ = {isa = PBXBuildFile; fileRef = 13E33D0D27B9C92E0072E767 /* CommonCell.swift */; };
		13E930F1265867F500C1EEF6 /* Single+Ext.swift in Sources */ = {isa = PBXBuildFile; fileRef = 13E930F0265867F500C1EEF6 /* Single+Ext.swift */; };
		13E930F52658866D00C1EEF6 /* Network.swift in Sources */ = {isa = PBXBuildFile; fileRef = 13E930F42658866D00C1EEF6 /* Network.swift */; };
		13EA1B70278A7F2100EE4DAC /* HeartbeatService.swift in Sources */ = {isa = PBXBuildFile; fileRef = 13EA1B6F278A7F2100EE4DAC /* HeartbeatService.swift */; };
		13EA1B74278A83E900EE4DAC /* HeartbeatConnection.swift in Sources */ = {isa = PBXBuildFile; fileRef = 13EA1B73278A83E900EE4DAC /* HeartbeatConnection.swift */; };
		13F72AAB265E3DDB0013FE16 /* UIColor+Custom.swift in Sources */ = {isa = PBXBuildFile; fileRef = 13F72AAA265E3DDB0013FE16 /* UIColor+Custom.swift */; };
/* End PBXBuildFile section */

/* Begin PBXContainerItemProxy section */
		1390519C26574041007CA620 /* PBXContainerItemProxy */ = {
			isa = PBXContainerItemProxy;
			containerPortal = 135EE145264731A00027909B /* Project object */;
			proxyType = 1;
			remoteGlobalIDString = 1390518A26573BCB007CA620;
			remoteInfo = ErrorErrorErrorUIKit;
		};
/* End PBXContainerItemProxy section */

/* Begin PBXCopyFilesBuildPhase section */
		1390519E26574041007CA620 /* Embed Frameworks */ = {
			isa = PBXCopyFilesBuildPhase;
			buildActionMask = 2147483647;
			dstPath = "";
			dstSubfolderSpec = 10;
			files = (
				1390519B26574041007CA620 /* ErrorErrorErrorUIKit.framework in Embed Frameworks */,
			);
			name = "Embed Frameworks";
			runOnlyForDeploymentPostprocessing = 0;
		};
/* End PBXCopyFilesBuildPhase section */

/* Begin PBXFileReference section */
		130195F4265F329300FB8223 /* SettingsNavigator.swift */ = {isa = PBXFileReference; lastKnownFileType = sourcecode.swift; path = SettingsNavigator.swift; sourceTree = "<group>"; };
		130C3ABE265795F000C7425D /* NetService+Rx.swift */ = {isa = PBXFileReference; lastKnownFileType = sourcecode.swift; path = "NetService+Rx.swift"; sourceTree = "<group>"; };
		130C3AC0265795FD00C7425D /* NetServiceBrowser+Rx.swift */ = {isa = PBXFileReference; lastKnownFileType = sourcecode.swift; path = "NetServiceBrowser+Rx.swift"; sourceTree = "<group>"; };
		130C3AC52657A7BC00C7425D /* DeviceInfoItemViewModel.swift */ = {isa = PBXFileReference; lastKnownFileType = sourcecode.swift; path = DeviceInfoItemViewModel.swift; sourceTree = "<group>"; };
		130CEFC2264D1D5900BECFDF /* Info.swift */ = {isa = PBXFileReference; lastKnownFileType = sourcecode.swift; path = Info.swift; sourceTree = "<group>"; };
		130CEFC9264DBB9900BECFDF /* DeviceCell.swift */ = {isa = PBXFileReference; lastKnownFileType = sourcecode.swift; path = DeviceCell.swift; sourceTree = "<group>"; };
		130CEFCB264DCA9300BECFDF /* BrightnessSlider.swift */ = {isa = PBXFileReference; lastKnownFileType = sourcecode.swift; path = BrightnessSlider.swift; sourceTree = "<group>"; };
		131C4E3D27B9050F00EBAFC8 /* SegmentSettings.swift */ = {isa = PBXFileReference; lastKnownFileType = sourcecode.swift; path = SegmentSettings.swift; sourceTree = "<group>"; };
		13209476264C9F1F007049D7 /* DevicesViewController.swift */ = {isa = PBXFileReference; lastKnownFileType = sourcecode.swift; path = DevicesViewController.swift; sourceTree = "<group>"; };
		13209481264D1534007049D7 /* State.swift */ = {isa = PBXFileReference; lastKnownFileType = sourcecode.swift; path = State.swift; sourceTree = "<group>"; };
		13233C892656E23F005B1270 /* UseCaseProvider.swift */ = {isa = PBXFileReference; lastKnownFileType = sourcecode.swift; path = UseCaseProvider.swift; sourceTree = "<group>"; };
		13233C8C2656E286005B1270 /* Repository.swift */ = {isa = PBXFileReference; lastKnownFileType = sourcecode.swift; path = Repository.swift; sourceTree = "<group>"; };
		13233C8F2656E336005B1270 /* ContexScheduler.swift */ = {isa = PBXFileReference; lastKnownFileType = sourcecode.swift; path = ContexScheduler.swift; sourceTree = "<group>"; };
		13233C912656E362005B1270 /* FetchedResultsControllerEntityObserver.swift */ = {isa = PBXFileReference; lastKnownFileType = sourcecode.swift; path = FetchedResultsControllerEntityObserver.swift; sourceTree = "<group>"; };
		13233C932656E37A005B1270 /* NSManagedObjectContext+Rx.swift */ = {isa = PBXFileReference; lastKnownFileType = sourcecode.swift; path = "NSManagedObjectContext+Rx.swift"; sourceTree = "<group>"; };
		13233C962656E448005B1270 /* Observable+Ext.swift */ = {isa = PBXFileReference; lastKnownFileType = sourcecode.swift; path = "Observable+Ext.swift"; sourceTree = "<group>"; };
		13233C992656E472005B1270 /* Persistable.swift */ = {isa = PBXFileReference; fileEncoding = 4; lastKnownFileType = sourcecode.swift; path = Persistable.swift; sourceTree = "<group>"; };
		13233C9A2656E472005B1270 /* DomainConvertibleType.swift */ = {isa = PBXFileReference; fileEncoding = 4; lastKnownFileType = sourcecode.swift; path = DomainConvertibleType.swift; sourceTree = "<group>"; };
		13233C9D2656FFB2005B1270 /* DevicesUseCase.swift */ = {isa = PBXFileReference; lastKnownFileType = sourcecode.swift; path = DevicesUseCase.swift; sourceTree = "<group>"; };
		13233C9F265726F2005B1270 /* Application.swift */ = {isa = PBXFileReference; lastKnownFileType = sourcecode.swift; path = Application.swift; sourceTree = "<group>"; };
		13233CA126572E71005B1270 /* DevicesViewModel.swift */ = {isa = PBXFileReference; lastKnownFileType = sourcecode.swift; path = DevicesViewModel.swift; sourceTree = "<group>"; };
		13233CA326572F06005B1270 /* DevicesNavigator.swift */ = {isa = PBXFileReference; lastKnownFileType = sourcecode.swift; path = DevicesNavigator.swift; sourceTree = "<group>"; };
		132853B02652EDFF006F3692 /* WLEDDevice+CoreDataProperties.swift */ = {isa = PBXFileReference; lastKnownFileType = sourcecode.swift; path = "WLEDDevice+CoreDataProperties.swift"; sourceTree = "<group>"; };
		132853B626530C9E006F3692 /* SettingsViewController.swift */ = {isa = PBXFileReference; lastKnownFileType = sourcecode.swift; path = SettingsViewController.swift; sourceTree = "<group>"; };
		132998662791759200FF8C6C /* DeviceDetailViewController.swift */ = {isa = PBXFileReference; lastKnownFileType = sourcecode.swift; path = DeviceDetailViewController.swift; sourceTree = "<group>"; };
		13299868279175A100FF8C6C /* DeviceDetailNavigator.swift */ = {isa = PBXFileReference; lastKnownFileType = sourcecode.swift; path = DeviceDetailNavigator.swift; sourceTree = "<group>"; };
		1329986A279175AC00FF8C6C /* DeviceDetailViewModel.swift */ = {isa = PBXFileReference; lastKnownFileType = sourcecode.swift; path = DeviceDetailViewModel.swift; sourceTree = "<group>"; };
		1329986C2791778200FF8C6C /* SegmentCell.swift */ = {isa = PBXFileReference; lastKnownFileType = sourcecode.swift; path = SegmentCell.swift; sourceTree = "<group>"; };
		1329986E279177BC00FF8C6C /* SegmentItemViewModel.swift */ = {isa = PBXFileReference; lastKnownFileType = sourcecode.swift; path = SegmentItemViewModel.swift; sourceTree = "<group>"; };
		134925C727915746002B5A95 /* EditSegmentViewController.swift */ = {isa = PBXFileReference; lastKnownFileType = sourcecode.swift; path = EditSegmentViewController.swift; sourceTree = "<group>"; };
		134925C9279157AE002B5A95 /* EditSegmentNavigator.swift */ = {isa = PBXFileReference; lastKnownFileType = sourcecode.swift; path = EditSegmentNavigator.swift; sourceTree = "<group>"; };
		134925CC279157FD002B5A95 /* EditSegmentViewModel.swift */ = {isa = PBXFileReference; lastKnownFileType = sourcecode.swift; path = EditSegmentViewModel.swift; sourceTree = "<group>"; };
		134A2B2A27963B0100CF45C8 /* ColorGradientAnimation.swift */ = {isa = PBXFileReference; lastKnownFileType = sourcecode.swift; path = ColorGradientAnimation.swift; sourceTree = "<group>"; };
		134DF8CB2654595A005B7DFE /* CoreDataStack.swift */ = {isa = PBXFileReference; lastKnownFileType = sourcecode.swift; path = CoreDataStack.swift; sourceTree = "<group>"; };
		134DF8D326545BB1005B7DFE /* WLEDDevice+Ext.swift */ = {isa = PBXFileReference; lastKnownFileType = sourcecode.swift; path = "WLEDDevice+Ext.swift"; sourceTree = "<group>"; };
		134DF8D526545C24005B7DFE /* Device.swift */ = {isa = PBXFileReference; lastKnownFileType = sourcecode.swift; path = Device.swift; sourceTree = "<group>"; };
		134DF8D82654609C005B7DFE /* DevicesUseCaseProtocol.swift */ = {isa = PBXFileReference; lastKnownFileType = sourcecode.swift; path = DevicesUseCaseProtocol.swift; sourceTree = "<group>"; };
		13512FE72658B1DF00C4040F /* WLEDDevice+CoreDataClass.swift */ = {isa = PBXFileReference; lastKnownFileType = sourcecode.swift; path = "WLEDDevice+CoreDataClass.swift"; sourceTree = "<group>"; };
		135600292658362C00B16B59 /* ConfigureDeviceViewModel.swift */ = {isa = PBXFileReference; lastKnownFileType = sourcecode.swift; path = ConfigureDeviceViewModel.swift; sourceTree = "<group>"; };
		1356002B2658363B00B16B59 /* ConfigureDeviceNavigator.swift */ = {isa = PBXFileReference; lastKnownFileType = sourcecode.swift; path = ConfigureDeviceNavigator.swift; sourceTree = "<group>"; };
		135704BB26562A6600B74344 /* ViewModelType.swift */ = {isa = PBXFileReference; lastKnownFileType = sourcecode.swift; path = ViewModelType.swift; sourceTree = "<group>"; };
		13577F4626576E410074329C /* DiscoverDeviceNavigator.swift */ = {isa = PBXFileReference; lastKnownFileType = sourcecode.swift; path = DiscoverDeviceNavigator.swift; sourceTree = "<group>"; };
		13577F4826576E670074329C /* DiscoverDeviceViewModel.swift */ = {isa = PBXFileReference; lastKnownFileType = sourcecode.swift; path = DiscoverDeviceViewModel.swift; sourceTree = "<group>"; };
		1357CD182653A85F009731D6 /* UIColor+Int.swift */ = {isa = PBXFileReference; lastKnownFileType = sourcecode.swift; path = "UIColor+Int.swift"; sourceTree = "<group>"; };
		135CFDBE2656396600D05757 /* Model.xcdatamodel */ = {isa = PBXFileReference; lastKnownFileType = wrapper.xcdatamodel; path = Model.xcdatamodel; sourceTree = "<group>"; };
		135EE14D264731A00027909B /* WLED Hue.app */ = {isa = PBXFileReference; explicitFileType = wrapper.application; includeInIndex = 0; path = "WLED Hue.app"; sourceTree = BUILT_PRODUCTS_DIR; };
		135EE150264731A00027909B /* AppDelegate.swift */ = {isa = PBXFileReference; lastKnownFileType = sourcecode.swift; path = AppDelegate.swift; sourceTree = "<group>"; };
		135EE152264731A00027909B /* SceneDelegate.swift */ = {isa = PBXFileReference; lastKnownFileType = sourcecode.swift; path = SceneDelegate.swift; sourceTree = "<group>"; };
		135EE15C264731A10027909B /* Assets.xcassets */ = {isa = PBXFileReference; lastKnownFileType = folder.assetcatalog; path = Assets.xcassets; sourceTree = "<group>"; };
		135EE15F264731A10027909B /* Base */ = {isa = PBXFileReference; lastKnownFileType = file.storyboard; name = Base; path = Base.lproj/LaunchScreen.storyboard; sourceTree = "<group>"; };
		135EE161264731A10027909B /* Info.plist */ = {isa = PBXFileReference; lastKnownFileType = text.plist.xml; path = Info.plist; sourceTree = "<group>"; };
		1367385627916DF800305321 /* SegmentAPI.swift */ = {isa = PBXFileReference; lastKnownFileType = sourcecode.swift; path = SegmentAPI.swift; sourceTree = "<group>"; };
		136841CD265CC51000C828BF /* Store.swift */ = {isa = PBXFileReference; lastKnownFileType = sourcecode.swift; path = Store.swift; sourceTree = "<group>"; };
		136841CF265CD37500C828BF /* StoreAPI.swift */ = {isa = PBXFileReference; lastKnownFileType = sourcecode.swift; path = StoreAPI.swift; sourceTree = "<group>"; };
		136841D1265CDEBA00C828BF /* Wifi.swift */ = {isa = PBXFileReference; lastKnownFileType = sourcecode.swift; path = Wifi.swift; sourceTree = "<group>"; };
		136841D3265CDEF400C828BF /* Leds.swift */ = {isa = PBXFileReference; lastKnownFileType = sourcecode.swift; path = Leds.swift; sourceTree = "<group>"; };
		136841D6265CDF6800C828BF /* FileSystem.swift */ = {isa = PBXFileReference; lastKnownFileType = sourcecode.swift; path = FileSystem.swift; sourceTree = "<group>"; };
		136EE14E2659B6500015C333 /* InfoAPI.swift */ = {isa = PBXFileReference; lastKnownFileType = sourcecode.swift; path = InfoAPI.swift; sourceTree = "<group>"; };
		136EE153265A360A0015C333 /* ActivityIndicator.swift */ = {isa = PBXFileReference; lastKnownFileType = sourcecode.swift; path = ActivityIndicator.swift; sourceTree = "<group>"; };
		137196BE265F568400A2269F /* Moya.framework */ = {isa = PBXFileReference; explicitFileType = wrapper.framework; path = Moya.framework; sourceTree = BUILT_PRODUCTS_DIR; };
		137196BF265F568400A2269F /* RxMoya.framework */ = {isa = PBXFileReference; explicitFileType = wrapper.framework; path = RxMoya.framework; sourceTree = BUILT_PRODUCTS_DIR; };
		1380FFC12654A82200FC692E /* Nightlight.swift */ = {isa = PBXFileReference; lastKnownFileType = sourcecode.swift; path = Nightlight.swift; sourceTree = "<group>"; };
		1380FFC32654A83F00FC692E /* Segment.swift */ = {isa = PBXFileReference; lastKnownFileType = sourcecode.swift; path = Segment.swift; sourceTree = "<group>"; };
		1380FFC52654AAEA00FC692E /* JSON+Utils.swift */ = {isa = PBXFileReference; lastKnownFileType = sourcecode.swift; path = "JSON+Utils.swift"; sourceTree = "<group>"; };
		138535FD2797ED3500AB9915 /* SegmentSettingsViewController.swift */ = {isa = PBXFileReference; lastKnownFileType = sourcecode.swift; path = SegmentSettingsViewController.swift; sourceTree = "<group>"; };
		138535FF2797F62F00AB9915 /* SegmentSettingsViewModel.swift */ = {isa = PBXFileReference; lastKnownFileType = sourcecode.swift; path = SegmentSettingsViewModel.swift; sourceTree = "<group>"; };
		138536012797F63A00AB9915 /* SegmentSettingsNavigator.swift */ = {isa = PBXFileReference; lastKnownFileType = sourcecode.swift; path = SegmentSettingsNavigator.swift; sourceTree = "<group>"; };
		138AAD4E278F62A800CB4FC3 /* ChromaColorPicker.swift */ = {isa = PBXFileReference; fileEncoding = 4; lastKnownFileType = sourcecode.swift; path = ChromaColorPicker.swift; sourceTree = "<group>"; };
		138AAD4F278F62A800CB4FC3 /* ColorWheelView.swift */ = {isa = PBXFileReference; fileEncoding = 4; lastKnownFileType = sourcecode.swift; path = ColorWheelView.swift; sourceTree = "<group>"; };
		138AAD50278F62A800CB4FC3 /* ChromaControlStylable.swift */ = {isa = PBXFileReference; fileEncoding = 4; lastKnownFileType = sourcecode.swift; path = ChromaControlStylable.swift; sourceTree = "<group>"; };
		138AAD52278F62A800CB4FC3 /* ChromaBrightnessSlider.swift */ = {isa = PBXFileReference; fileEncoding = 4; lastKnownFileType = sourcecode.swift; path = ChromaBrightnessSlider.swift; sourceTree = "<group>"; };
		138AAD54278F62A800CB4FC3 /* UIView+Utils.swift */ = {isa = PBXFileReference; fileEncoding = 4; lastKnownFileType = sourcecode.swift; path = "UIView+Utils.swift"; sourceTree = "<group>"; };
		138AAD55278F62A800CB4FC3 /* UIColor+Utils.swift */ = {isa = PBXFileReference; fileEncoding = 4; lastKnownFileType = sourcecode.swift; path = "UIColor+Utils.swift"; sourceTree = "<group>"; };
		138AAD56278F62A800CB4FC3 /* UIColor+Brightness.swift */ = {isa = PBXFileReference; fileEncoding = 4; lastKnownFileType = sourcecode.swift; path = "UIColor+Brightness.swift"; sourceTree = "<group>"; };
		138AAD57278F62A800CB4FC3 /* UIView+DropShadow.swift */ = {isa = PBXFileReference; fileEncoding = 4; lastKnownFileType = sourcecode.swift; path = "UIView+DropShadow.swift"; sourceTree = "<group>"; };
		138AAD59278F62A800CB4FC3 /* SliderTrackView.swift */ = {isa = PBXFileReference; fileEncoding = 4; lastKnownFileType = sourcecode.swift; path = SliderTrackView.swift; sourceTree = "<group>"; };
		138AAD5A278F62A800CB4FC3 /* ChromaColorHandle.swift */ = {isa = PBXFileReference; fileEncoding = 4; lastKnownFileType = sourcecode.swift; path = ChromaColorHandle.swift; sourceTree = "<group>"; };
		138AAD5B278F62A800CB4FC3 /* SliderHandleView.swift */ = {isa = PBXFileReference; fileEncoding = 4; lastKnownFileType = sourcecode.swift; path = SliderHandleView.swift; sourceTree = "<group>"; };
		138F328B2656463100379A0F /* NSManagedObjectContext+Ext.swift */ = {isa = PBXFileReference; lastKnownFileType = sourcecode.swift; path = "NSManagedObjectContext+Ext.swift"; sourceTree = "<group>"; };
		138F32912656479900379A0F /* StateAPI.swift */ = {isa = PBXFileReference; lastKnownFileType = sourcecode.swift; path = StateAPI.swift; sourceTree = "<group>"; };
		1390518B26573BCB007CA620 /* ErrorErrorErrorUIKit.framework */ = {isa = PBXFileReference; explicitFileType = wrapper.framework; includeInIndex = 0; path = ErrorErrorErrorUIKit.framework; sourceTree = BUILT_PRODUCTS_DIR; };
		1390518D26573BCB007CA620 /* ErrorErrorErrorUIKit.h */ = {isa = PBXFileReference; lastKnownFileType = sourcecode.c.h; path = ErrorErrorErrorUIKit.h; sourceTree = "<group>"; };
		1390518E26573BCB007CA620 /* Info.plist */ = {isa = PBXFileReference; lastKnownFileType = text.plist.xml; path = Info.plist; sourceTree = "<group>"; };
		13912EA42651A3D400BD5095 /* ManuallyAddDeviceViewController.swift */ = {isa = PBXFileReference; lastKnownFileType = sourcecode.swift; path = ManuallyAddDeviceViewController.swift; sourceTree = "<group>"; };
		13912EB52651D6F200BD5095 /* ConfigureDeviceViewController.swift */ = {isa = PBXFileReference; lastKnownFileType = sourcecode.swift; path = ConfigureDeviceViewController.swift; sourceTree = "<group>"; };
		13935DB3279340C0005BD65A /* AddSegmentFooterCell.swift */ = {isa = PBXFileReference; lastKnownFileType = sourcecode.swift; path = AddSegmentFooterCell.swift; sourceTree = "<group>"; };
		13935DB727935381005BD65A /* AddSegmentViewController.swift */ = {isa = PBXFileReference; lastKnownFileType = sourcecode.swift; path = AddSegmentViewController.swift; sourceTree = "<group>"; };
		13935DB92793538B005BD65A /* AddSegmentViewModel.swift */ = {isa = PBXFileReference; lastKnownFileType = sourcecode.swift; path = AddSegmentViewModel.swift; sourceTree = "<group>"; };
		13935DBB2793539D005BD65A /* AddSegmentNavigator.swift */ = {isa = PBXFileReference; lastKnownFileType = sourcecode.swift; path = AddSegmentNavigator.swift; sourceTree = "<group>"; };
		13935DBD27939EFE005BD65A /* CardModalViewController.swift */ = {isa = PBXFileReference; lastKnownFileType = sourcecode.swift; path = CardModalViewController.swift; sourceTree = "<group>"; };
		1393CD0B2657508200BAAF44 /* DeviceItemViewModel.swift */ = {isa = PBXFileReference; lastKnownFileType = sourcecode.swift; path = DeviceItemViewModel.swift; sourceTree = "<group>"; };
		1399F2FF278AE1110014A561 /* XCTest.framework */ = {isa = PBXFileReference; lastKnownFileType = wrapper.framework; name = XCTest.framework; path = Platforms/iPhoneOS.platform/Developer/Library/Frameworks/XCTest.framework; sourceTree = DEVELOPER_DIR; };
		139F9FBE26507F050056FC57 /* DiscoverDeviceViewController.swift */ = {isa = PBXFileReference; lastKnownFileType = sourcecode.swift; path = DiscoverDeviceViewController.swift; sourceTree = "<group>"; };
		139F9FC1265083810056FC57 /* CardModalTransitioningDelegate.swift */ = {isa = PBXFileReference; lastKnownFileType = sourcecode.swift; path = CardModalTransitioningDelegate.swift; sourceTree = "<group>"; };
		139F9FC4265084520056FC57 /* CardModalPresentationController.swift */ = {isa = PBXFileReference; lastKnownFileType = sourcecode.swift; path = CardModalPresentationController.swift; sourceTree = "<group>"; };
		139F9FC82650C09D0056FC57 /* DeviceInfoCollectionViewCell.swift */ = {isa = PBXFileReference; lastKnownFileType = sourcecode.swift; path = DeviceInfoCollectionViewCell.swift; sourceTree = "<group>"; };
		139F9FCB2650C59B0056FC57 /* UIScreen+cornerRadiusDevice.swift */ = {isa = PBXFileReference; lastKnownFileType = sourcecode.swift; path = "UIScreen+cornerRadiusDevice.swift"; sourceTree = "<group>"; };
		13AC486F278BDF1C00375C1A /* Network+Device.swift */ = {isa = PBXFileReference; lastKnownFileType = sourcecode.swift; path = "Network+Device.swift"; sourceTree = "<group>"; };
		13AC4871278C097300375C1A /* Relay.swift */ = {isa = PBXFileReference; lastKnownFileType = sourcecode.swift; path = Relay.swift; sourceTree = "<group>"; };
		13AC4873278C0FAD00375C1A /* ViewModelType+Ext.swift */ = {isa = PBXFileReference; lastKnownFileType = sourcecode.swift; path = "ViewModelType+Ext.swift"; sourceTree = "<group>"; };
		13B3EEEC278FA4C700C4AC6F /* ChromaColorPicker+Rx.swift */ = {isa = PBXFileReference; lastKnownFileType = sourcecode.swift; path = "ChromaColorPicker+Rx.swift"; sourceTree = "<group>"; };
		13B3EEEE27902E4E00C4AC6F /* CollectionViewHeaderCell.swift */ = {isa = PBXFileReference; lastKnownFileType = sourcecode.swift; path = CollectionViewHeaderCell.swift; sourceTree = "<group>"; };
		13B9D7122660B31D009BD4DD /* GradientView.swift */ = {isa = PBXFileReference; lastKnownFileType = sourcecode.swift; path = GradientView.swift; sourceTree = "<group>"; };
		13B9D7182660F63E009BD4DD /* LabelInset.swift */ = {isa = PBXFileReference; lastKnownFileType = sourcecode.swift; path = LabelInset.swift; sourceTree = "<group>"; };
		13BBEF35266302C400685C42 /* SettingsViewModel.swift */ = {isa = PBXFileReference; lastKnownFileType = sourcecode.swift; path = SettingsViewModel.swift; sourceTree = "<group>"; };
		13BD1BD0265F402A00F6C640 /* Alamofire.framework */ = {isa = PBXFileReference; explicitFileType = wrapper.framework; path = Alamofire.framework; sourceTree = BUILT_PRODUCTS_DIR; };
		13BD1BD3265F403F00F6C640 /* Moya.framework */ = {isa = PBXFileReference; explicitFileType = wrapper.framework; path = Moya.framework; sourceTree = BUILT_PRODUCTS_DIR; };
		13BD1BD4265F403F00F6C640 /* RxMoya.framework */ = {isa = PBXFileReference; explicitFileType = wrapper.framework; path = RxMoya.framework; sourceTree = BUILT_PRODUCTS_DIR; };
		13BF24BE278D5C7500AD74A9 /* Encodable+JSON.swift */ = {isa = PBXFileReference; lastKnownFileType = sourcecode.swift; path = "Encodable+JSON.swift"; sourceTree = "<group>"; };
		13E33D0D27B9C92E0072E767 /* CommonCell.swift */ = {isa = PBXFileReference; lastKnownFileType = sourcecode.swift; path = CommonCell.swift; sourceTree = "<group>"; };
		13E930F0265867F500C1EEF6 /* Single+Ext.swift */ = {isa = PBXFileReference; lastKnownFileType = sourcecode.swift; path = "Single+Ext.swift"; sourceTree = "<group>"; };
		13E930F42658866D00C1EEF6 /* Network.swift */ = {isa = PBXFileReference; lastKnownFileType = sourcecode.swift; path = Network.swift; sourceTree = "<group>"; };
		13EA1B6F278A7F2100EE4DAC /* HeartbeatService.swift */ = {isa = PBXFileReference; lastKnownFileType = sourcecode.swift; path = HeartbeatService.swift; sourceTree = "<group>"; };
		13EA1B73278A83E900EE4DAC /* HeartbeatConnection.swift */ = {isa = PBXFileReference; lastKnownFileType = sourcecode.swift; path = HeartbeatConnection.swift; sourceTree = "<group>"; };
		13F72AAA265E3DDB0013FE16 /* UIColor+Custom.swift */ = {isa = PBXFileReference; lastKnownFileType = sourcecode.swift; path = "UIColor+Custom.swift"; sourceTree = "<group>"; };
/* End PBXFileReference section */

/* Begin PBXFrameworksBuildPhase section */
		135EE14A264731A00027909B /* Frameworks */ = {
			isa = PBXFrameworksBuildPhase;
			buildActionMask = 2147483647;
			files = (
				13C8A376278ADCA700875776 /* Alamofire in Frameworks */,
				1399F2EF278ADFA00014A561 /* QueryKit in Frameworks */,
				13C8A36F278ADC8100875776 /* RxRelay in Frameworks */,
				13C8A37A278ADD2D00875776 /* RxAlamofire in Frameworks */,
				13C8A368278ADC3500875776 /* RxDataSources in Frameworks */,
				13D3413F278C1410008D4762 /* Then in Frameworks */,
				13C8A36B278ADC8100875776 /* RxBlocking in Frameworks */,
				13C8A36D278ADC8100875776 /* RxCocoa in Frameworks */,
				1390519A26574041007CA620 /* ErrorErrorErrorUIKit.framework in Frameworks */,
				13C8A371278ADC8100875776 /* RxSwift in Frameworks */,
			);
			runOnlyForDeploymentPostprocessing = 0;
		};
		1390518826573BCB007CA620 /* Frameworks */ = {
			isa = PBXFrameworksBuildPhase;
			buildActionMask = 2147483647;
			files = (
				13935DC42793BC61005BD65A /* Then in Frameworks */,
			);
			runOnlyForDeploymentPostprocessing = 0;
		};
/* End PBXFrameworksBuildPhase section */

/* Begin PBXGroup section */
		130C3ABB2657950800C7425D /* Bonjour */ = {
			isa = PBXGroup;
			children = (
				130C3ABE265795F000C7425D /* NetService+Rx.swift */,
				130C3AC0265795FD00C7425D /* NetServiceBrowser+Rx.swift */,
			);
			path = Bonjour;
			sourceTree = "<group>";
		};
		130C3AC22657A48800C7425D /* DiscoverDevice */ = {
			isa = PBXGroup;
			children = (
				13577F4626576E410074329C /* DiscoverDeviceNavigator.swift */,
				139F9FBE26507F050056FC57 /* DiscoverDeviceViewController.swift */,
				13577F4826576E670074329C /* DiscoverDeviceViewModel.swift */,
				130C3AC52657A7BC00C7425D /* DeviceInfoItemViewModel.swift */,
				139F9FC82650C09D0056FC57 /* DeviceInfoCollectionViewCell.swift */,
			);
			path = DiscoverDevice;
			sourceTree = "<group>";
		};
		130C3AC32657A70D00C7425D /* ConfigureDevice */ = {
			isa = PBXGroup;
			children = (
				13912EB52651D6F200BD5095 /* ConfigureDeviceViewController.swift */,
				135600292658362C00B16B59 /* ConfigureDeviceViewModel.swift */,
				1356002B2658363B00B16B59 /* ConfigureDeviceNavigator.swift */,
			);
			path = ConfigureDevice;
			sourceTree = "<group>";
		};
		130C3AC42657A72400C7425D /* ManuallyAddDevice */ = {
			isa = PBXGroup;
			children = (
				13912EA42651A3D400BD5095 /* ManuallyAddDeviceViewController.swift */,
			);
			path = ManuallyAddDevice;
			sourceTree = "<group>";
		};
		13233C8E2656E321005B1270 /* RxCoreData */ = {
			isa = PBXGroup;
			children = (
				13233C8F2656E336005B1270 /* ContexScheduler.swift */,
				13233C912656E362005B1270 /* FetchedResultsControllerEntityObserver.swift */,
				13233C932656E37A005B1270 /* NSManagedObjectContext+Rx.swift */,
			);
			path = RxCoreData;
			sourceTree = "<group>";
		};
		13233C982656E461005B1270 /* Convertion */ = {
			isa = PBXGroup;
			children = (
				13233C9A2656E472005B1270 /* DomainConvertibleType.swift */,
				13233C992656E472005B1270 /* Persistable.swift */,
			);
			path = Convertion;
			sourceTree = "<group>";
		};
		13233CA52657339B005B1270 /* Domain */ = {
			isa = PBXGroup;
			children = (
				134DF8D526545C24005B7DFE /* Device.swift */,
				136841CD265CC51000C828BF /* Store.swift */,
				13209481264D1534007049D7 /* State.swift */,
				130CEFC2264D1D5900BECFDF /* Info.swift */,
				1380FFC12654A82200FC692E /* Nightlight.swift */,
				1380FFC32654A83F00FC692E /* Segment.swift */,
				136841D1265CDEBA00C828BF /* Wifi.swift */,
				136841D3265CDEF400C828BF /* Leds.swift */,
				136841D6265CDF6800C828BF /* FileSystem.swift */,
				131C4E3D27B9050F00EBAFC8 /* SegmentSettings.swift */,
			);
			path = Domain;
			sourceTree = "<group>";
		};
		132998652791755E00FF8C6C /* DeviceDetail */ = {
			isa = PBXGroup;
			children = (
				13299868279175A100FF8C6C /* DeviceDetailNavigator.swift */,
				132998662791759200FF8C6C /* DeviceDetailViewController.swift */,
				1329986A279175AC00FF8C6C /* DeviceDetailViewModel.swift */,
				1329986C2791778200FF8C6C /* SegmentCell.swift */,
				1329986E279177BC00FF8C6C /* SegmentItemViewModel.swift */,
				13935DB3279340C0005BD65A /* AddSegmentFooterCell.swift */,
			);
			path = DeviceDetail;
			sourceTree = "<group>";
		};
		134925C5279156CB002B5A95 /* EditSegment */ = {
			isa = PBXGroup;
			children = (
				134925C727915746002B5A95 /* EditSegmentViewController.swift */,
				134925C9279157AE002B5A95 /* EditSegmentNavigator.swift */,
				134925CC279157FD002B5A95 /* EditSegmentViewModel.swift */,
				13E33D0D27B9C92E0072E767 /* CommonCell.swift */,
			);
			path = EditSegment;
			sourceTree = "<group>";
		};
		134DF8CA2654594D005B7DFE /* CoreData */ = {
			isa = PBXGroup;
			children = (
				135704D226562F6400B74344 /* Repository */,
				13233C8E2656E321005B1270 /* RxCoreData */,
				138F328A2656461C00379A0F /* Extensions */,
				138F32892656453800379A0F /* Entities */,
				135CFDBD2656396600D05757 /* Model.xcdatamodeld */,
				134DF8D026545A47005B7DFE /* UseCases */,
				134DF8CB2654595A005B7DFE /* CoreDataStack.swift */,
			);
			path = CoreData;
			sourceTree = "<group>";
		};
		134DF8D026545A47005B7DFE /* UseCases */ = {
			isa = PBXGroup;
			children = (
				134DF8D82654609C005B7DFE /* DevicesUseCaseProtocol.swift */,
				13233C9D2656FFB2005B1270 /* DevicesUseCase.swift */,
			);
			path = UseCases;
			sourceTree = "<group>";
		};
		1357046C2654FA5600B74344 /* Scenes */ = {
			isa = PBXGroup;
			children = (
				135704BA2656298D00B74344 /* App */,
				135704A72656276B00B74344 /* Common */,
				13C3A2CA278A686F00C97A60 /* Device */,
				13935DB527935330005BD65A /* Segment */,
				135704A62656275800B74344 /* Settings */,
			);
			path = Scenes;
			sourceTree = "<group>";
		};
		1357046D2654FA5B00B74344 /* Devices */ = {
			isa = PBXGroup;
			children = (
				13233CA326572F06005B1270 /* DevicesNavigator.swift */,
				13209476264C9F1F007049D7 /* DevicesViewController.swift */,
				13233CA126572E71005B1270 /* DevicesViewModel.swift */,
				130CEFC9264DBB9900BECFDF /* DeviceCell.swift */,
				1393CD0B2657508200BAAF44 /* DeviceItemViewModel.swift */,
			);
			path = Devices;
			sourceTree = "<group>";
		};
		135704A4265626E800B74344 /* CreateDevice */ = {
			isa = PBXGroup;
			children = (
				130C3AC42657A72400C7425D /* ManuallyAddDevice */,
				130C3AC32657A70D00C7425D /* ConfigureDevice */,
				130C3AC22657A48800C7425D /* DiscoverDevice */,
			);
			path = CreateDevice;
			sourceTree = "<group>";
		};
		135704A62656275800B74344 /* Settings */ = {
			isa = PBXGroup;
			children = (
				132853B626530C9E006F3692 /* SettingsViewController.swift */,
				130195F4265F329300FB8223 /* SettingsNavigator.swift */,
				13BBEF35266302C400685C42 /* SettingsViewModel.swift */,
			);
			path = Settings;
			sourceTree = "<group>";
		};
		135704A72656276B00B74344 /* Common */ = {
			isa = PBXGroup;
			children = (
				138AAD4C278F629800CB4FC3 /* ChromaColorPicker */,
				13B9D7122660B31D009BD4DD /* GradientView.swift */,
				130CEFCB264DCA9300BECFDF /* BrightnessSlider.swift */,
				13B9D7182660F63E009BD4DD /* LabelInset.swift */,
				13B3EEEE27902E4E00C4AC6F /* CollectionViewHeaderCell.swift */,
			);
			path = Common;
			sourceTree = "<group>";
		};
		135704B92656283800B74344 /* CardModal */ = {
			isa = PBXGroup;
			children = (
				139F9FCB2650C59B0056FC57 /* UIScreen+cornerRadiusDevice.swift */,
				13935DBD27939EFE005BD65A /* CardModalViewController.swift */,
				139F9FC1265083810056FC57 /* CardModalTransitioningDelegate.swift */,
				139F9FC4265084520056FC57 /* CardModalPresentationController.swift */,
			);
			path = CardModal;
			sourceTree = "<group>";
		};
		135704BA2656298D00B74344 /* App */ = {
			isa = PBXGroup;
			children = (
				13233C9F265726F2005B1270 /* Application.swift */,
			);
			path = App;
			sourceTree = "<group>";
		};
		135704D226562F6400B74344 /* Repository */ = {
			isa = PBXGroup;
			children = (
				13233C8C2656E286005B1270 /* Repository.swift */,
			);
			path = Repository;
			sourceTree = "<group>";
		};
		135EE144264731A00027909B = {
			isa = PBXGroup;
			children = (
				135EE14F264731A00027909B /* WLED Remote */,
				1390518C26573BCB007CA620 /* ErrorErrorErrorUIKit */,
				135EE14E264731A00027909B /* Products */,
				89C8DE4967D0B33B586E7866 /* Frameworks */,
			);
			sourceTree = "<group>";
		};
		135EE14E264731A00027909B /* Products */ = {
			isa = PBXGroup;
			children = (
				135EE14D264731A00027909B /* WLED Hue.app */,
				1390518B26573BCB007CA620 /* ErrorErrorErrorUIKit.framework */,
			);
			name = Products;
			sourceTree = "<group>";
		};
		135EE14F264731A00027909B /* WLED Remote */ = {
			isa = PBXGroup;
			children = (
				13C3A2CB278A690300C97A60 /* Services */,
				13233CA52657339B005B1270 /* Domain */,
				1357046C2654FA5600B74344 /* Scenes */,
				139F9FCA2650C5890056FC57 /* Support */,
				13C3A2CC278A69A100C97A60 /* Resources */,
				135EE150264731A00027909B /* AppDelegate.swift */,
				135EE152264731A00027909B /* SceneDelegate.swift */,
				135EE161264731A10027909B /* Info.plist */,
			);
			path = "WLED Remote";
			sourceTree = "<group>";
		};
		138535FC2797ED1E00AB9915 /* SegmentSettings */ = {
			isa = PBXGroup;
			children = (
				138535FD2797ED3500AB9915 /* SegmentSettingsViewController.swift */,
				138535FF2797F62F00AB9915 /* SegmentSettingsViewModel.swift */,
				138536012797F63A00AB9915 /* SegmentSettingsNavigator.swift */,
			);
			path = SegmentSettings;
			sourceTree = "<group>";
		};
		138AAD4C278F629800CB4FC3 /* ChromaColorPicker */ = {
			isa = PBXGroup;
			children = (
				13B3EEEC278FA4C700C4AC6F /* ChromaColorPicker+Rx.swift */,
				138AAD52278F62A800CB4FC3 /* ChromaBrightnessSlider.swift */,
				138AAD4E278F62A800CB4FC3 /* ChromaColorPicker.swift */,
				138AAD50278F62A800CB4FC3 /* ChromaControlStylable.swift */,
				138AAD4F278F62A800CB4FC3 /* ColorWheelView.swift */,
				138AAD53278F62A800CB4FC3 /* Extensions */,
				138AAD58278F62A800CB4FC3 /* Supporting Views */,
			);
			path = ChromaColorPicker;
			sourceTree = "<group>";
		};
		138AAD53278F62A800CB4FC3 /* Extensions */ = {
			isa = PBXGroup;
			children = (
				138AAD54278F62A800CB4FC3 /* UIView+Utils.swift */,
				138AAD55278F62A800CB4FC3 /* UIColor+Utils.swift */,
				138AAD56278F62A800CB4FC3 /* UIColor+Brightness.swift */,
				138AAD57278F62A800CB4FC3 /* UIView+DropShadow.swift */,
			);
			path = Extensions;
			sourceTree = "<group>";
		};
		138AAD58278F62A800CB4FC3 /* Supporting Views */ = {
			isa = PBXGroup;
			children = (
				138AAD59278F62A800CB4FC3 /* SliderTrackView.swift */,
				138AAD5A278F62A800CB4FC3 /* ChromaColorHandle.swift */,
				138AAD5B278F62A800CB4FC3 /* SliderHandleView.swift */,
			);
			path = "Supporting Views";
			sourceTree = "<group>";
		};
		138F32892656453800379A0F /* Entities */ = {
			isa = PBXGroup;
			children = (
				13233C982656E461005B1270 /* Convertion */,
				132853B02652EDFF006F3692 /* WLEDDevice+CoreDataProperties.swift */,
				134DF8D326545BB1005B7DFE /* WLEDDevice+Ext.swift */,
				13512FE72658B1DF00C4040F /* WLEDDevice+CoreDataClass.swift */,
			);
			path = Entities;
			sourceTree = "<group>";
		};
		138F328A2656461C00379A0F /* Extensions */ = {
			isa = PBXGroup;
			children = (
				138F328B2656463100379A0F /* NSManagedObjectContext+Ext.swift */,
			);
			path = Extensions;
			sourceTree = "<group>";
		};
		138F32902656477F00379A0F /* API */ = {
			isa = PBXGroup;
			children = (
				138F32912656479900379A0F /* StateAPI.swift */,
				136EE14E2659B6500015C333 /* InfoAPI.swift */,
				136841CF265CD37500C828BF /* StoreAPI.swift */,
				1367385627916DF800305321 /* SegmentAPI.swift */,
			);
			path = API;
			sourceTree = "<group>";
		};
		138FF658264C6E0400216D47 /* Network */ = {
			isa = PBXGroup;
			children = (
				138F32902656477F00379A0F /* API */,
				13E930F42658866D00C1EEF6 /* Network.swift */,
				13AC486F278BDF1C00375C1A /* Network+Device.swift */,
			);
			path = Network;
			sourceTree = "<group>";
		};
		1390518C26573BCB007CA620 /* ErrorErrorErrorUIKit */ = {
			isa = PBXGroup;
			children = (
				135704B92656283800B74344 /* CardModal */,
				1390518D26573BCB007CA620 /* ErrorErrorErrorUIKit.h */,
				1390518E26573BCB007CA620 /* Info.plist */,
			);
			path = ErrorErrorErrorUIKit;
			sourceTree = "<group>";
		};
		13935DB527935330005BD65A /* Segment */ = {
			isa = PBXGroup;
			children = (
				138535FC2797ED1E00AB9915 /* SegmentSettings */,
				13935DB627935353005BD65A /* AddSegment */,
				134925C5279156CB002B5A95 /* EditSegment */,
			);
			path = Segment;
			sourceTree = "<group>";
		};
		13935DB627935353005BD65A /* AddSegment */ = {
			isa = PBXGroup;
			children = (
				13935DB727935381005BD65A /* AddSegmentViewController.swift */,
				13935DB92793538B005BD65A /* AddSegmentViewModel.swift */,
				13935DBB2793539D005BD65A /* AddSegmentNavigator.swift */,
			);
			path = AddSegment;
			sourceTree = "<group>";
		};
		139F9FCA2650C5890056FC57 /* Support */ = {
			isa = PBXGroup;
			children = (
				13C3A2C9278A680A00C97A60 /* Extensions */,
				135704BB26562A6600B74344 /* ViewModelType.swift */,
				13233C892656E23F005B1270 /* UseCaseProvider.swift */,
				136EE153265A360A0015C333 /* ActivityIndicator.swift */,
				13AC4871278C097300375C1A /* Relay.swift */,
				134A2B2A27963B0100CF45C8 /* ColorGradientAnimation.swift */,
			);
			path = Support;
			sourceTree = "<group>";
		};
		13C3A2C9278A680A00C97A60 /* Extensions */ = {
			isa = PBXGroup;
			children = (
				1357CD182653A85F009731D6 /* UIColor+Int.swift */,
				13233C962656E448005B1270 /* Observable+Ext.swift */,
				1380FFC52654AAEA00FC692E /* JSON+Utils.swift */,
				13F72AAA265E3DDB0013FE16 /* UIColor+Custom.swift */,
				13E930F0265867F500C1EEF6 /* Single+Ext.swift */,
				13AC4873278C0FAD00375C1A /* ViewModelType+Ext.swift */,
				13BF24BE278D5C7500AD74A9 /* Encodable+JSON.swift */,
			);
			path = Extensions;
			sourceTree = "<group>";
		};
		13C3A2CA278A686F00C97A60 /* Device */ = {
			isa = PBXGroup;
			children = (
				1357046D2654FA5B00B74344 /* Devices */,
				132998652791755E00FF8C6C /* DeviceDetail */,
				135704A4265626E800B74344 /* CreateDevice */,
			);
			path = Device;
			sourceTree = "<group>";
		};
		13C3A2CB278A690300C97A60 /* Services */ = {
			isa = PBXGroup;
			children = (
				13EA1B6E278A7F0300EE4DAC /* Hearbeat */,
				130C3ABB2657950800C7425D /* Bonjour */,
				138FF658264C6E0400216D47 /* Network */,
				134DF8CA2654594D005B7DFE /* CoreData */,
			);
			path = Services;
			sourceTree = "<group>";
		};
		13C3A2CC278A69A100C97A60 /* Resources */ = {
			isa = PBXGroup;
			children = (
				135EE15C264731A10027909B /* Assets.xcassets */,
				135EE15E264731A10027909B /* LaunchScreen.storyboard */,
			);
			path = Resources;
			sourceTree = "<group>";
		};
		13EA1B6E278A7F0300EE4DAC /* Hearbeat */ = {
			isa = PBXGroup;
			children = (
				13EA1B6F278A7F2100EE4DAC /* HeartbeatService.swift */,
				13EA1B73278A83E900EE4DAC /* HeartbeatConnection.swift */,
			);
			path = Hearbeat;
			sourceTree = "<group>";
		};
		89C8DE4967D0B33B586E7866 /* Frameworks */ = {
			isa = PBXGroup;
			children = (
				1399F2FF278AE1110014A561 /* XCTest.framework */,
				137196BE265F568400A2269F /* Moya.framework */,
				137196BF265F568400A2269F /* RxMoya.framework */,
				13BD1BD3265F403F00F6C640 /* Moya.framework */,
				13BD1BD4265F403F00F6C640 /* RxMoya.framework */,
				13BD1BD0265F402A00F6C640 /* Alamofire.framework */,
			);
			name = Frameworks;
			sourceTree = "<group>";
		};
/* End PBXGroup section */

/* Begin PBXHeadersBuildPhase section */
		1390518626573BCB007CA620 /* Headers */ = {
			isa = PBXHeadersBuildPhase;
			buildActionMask = 2147483647;
			files = (
				1390518F26573BCB007CA620 /* ErrorErrorErrorUIKit.h in Headers */,
			);
			runOnlyForDeploymentPostprocessing = 0;
		};
/* End PBXHeadersBuildPhase section */

/* Begin PBXNativeTarget section */
		135EE14C264731A00027909B /* WLED Hue */ = {
			isa = PBXNativeTarget;
			buildConfigurationList = 135EE164264731A10027909B /* Build configuration list for PBXNativeTarget "WLED Hue" */;
			buildPhases = (
				135EE149264731A00027909B /* Sources */,
				135EE14A264731A00027909B /* Frameworks */,
				135EE14B264731A00027909B /* Resources */,
				1390519E26574041007CA620 /* Embed Frameworks */,
			);
			buildRules = (
			);
			dependencies = (
				1390519D26574041007CA620 /* PBXTargetDependency */,
			);
			name = "WLED Hue";
			packageProductDependencies = (
				13C8A367278ADC3500875776 /* RxDataSources */,
				13C8A36A278ADC8100875776 /* RxBlocking */,
				13C8A36C278ADC8100875776 /* RxCocoa */,
				13C8A36E278ADC8100875776 /* RxRelay */,
				13C8A370278ADC8100875776 /* RxSwift */,
				13C8A375278ADCA700875776 /* Alamofire */,
				13C8A379278ADD2D00875776 /* RxAlamofire */,
				1399F2EE278ADFA00014A561 /* QueryKit */,
				13D3413E278C1410008D4762 /* Then */,
			);
			productName = "WLED Remote";
			productReference = 135EE14D264731A00027909B /* WLED Hue.app */;
			productType = "com.apple.product-type.application";
		};
		1390518A26573BCB007CA620 /* ErrorErrorErrorUIKit */ = {
			isa = PBXNativeTarget;
			buildConfigurationList = 1390519426573BCB007CA620 /* Build configuration list for PBXNativeTarget "ErrorErrorErrorUIKit" */;
			buildPhases = (
				1390518626573BCB007CA620 /* Headers */,
				1390518726573BCB007CA620 /* Sources */,
				1390518826573BCB007CA620 /* Frameworks */,
				1390518926573BCB007CA620 /* Resources */,
			);
			buildRules = (
			);
			dependencies = (
			);
			name = ErrorErrorErrorUIKit;
			packageProductDependencies = (
				13935DC32793BC61005BD65A /* Then */,
			);
			productName = ErrorErrorErrorUIKit;
			productReference = 1390518B26573BCB007CA620 /* ErrorErrorErrorUIKit.framework */;
			productType = "com.apple.product-type.framework";
		};
/* End PBXNativeTarget section */

/* Begin PBXProject section */
		135EE145264731A00027909B /* Project object */ = {
			isa = PBXProject;
			attributes = {
				LastSwiftUpdateCheck = 1320;
				LastUpgradeCheck = 1250;
				TargetAttributes = {
					135EE14C264731A00027909B = {
						CreatedOnToolsVersion = 12.5;
					};
					1390518A26573BCB007CA620 = {
						CreatedOnToolsVersion = 12.5;
					};
				};
			};
			buildConfigurationList = 135EE148264731A00027909B /* Build configuration list for PBXProject "WLED Remote" */;
			compatibilityVersion = "Xcode 9.3";
			developmentRegion = en;
			hasScannedForEncodings = 0;
			knownRegions = (
				en,
				Base,
			);
			mainGroup = 135EE144264731A00027909B;
			packageReferences = (
				13C8A366278ADC3500875776 /* XCRemoteSwiftPackageReference "RxDataSources" */,
				13C8A369278ADC8100875776 /* XCRemoteSwiftPackageReference "RxSwift" */,
				13C8A374278ADCA700875776 /* XCRemoteSwiftPackageReference "Alamofire" */,
				13C8A378278ADD2D00875776 /* XCRemoteSwiftPackageReference "RxAlamofire" */,
				1399F2ED278ADFA00014A561 /* XCRemoteSwiftPackageReference "QueryKit" */,
				13D3413D278C1410008D4762 /* XCRemoteSwiftPackageReference "Then" */,
			);
			productRefGroup = 135EE14E264731A00027909B /* Products */;
			projectDirPath = "";
			projectRoot = "";
			targets = (
				135EE14C264731A00027909B /* WLED Hue */,
				1390518A26573BCB007CA620 /* ErrorErrorErrorUIKit */,
			);
		};
/* End PBXProject section */

/* Begin PBXResourcesBuildPhase section */
		135EE14B264731A00027909B /* Resources */ = {
			isa = PBXResourcesBuildPhase;
			buildActionMask = 2147483647;
			files = (
				135EE160264731A10027909B /* LaunchScreen.storyboard in Resources */,
				135EE15D264731A10027909B /* Assets.xcassets in Resources */,
			);
			runOnlyForDeploymentPostprocessing = 0;
		};
		1390518926573BCB007CA620 /* Resources */ = {
			isa = PBXResourcesBuildPhase;
			buildActionMask = 2147483647;
			files = (
			);
			runOnlyForDeploymentPostprocessing = 0;
		};
/* End PBXResourcesBuildPhase section */

/* Begin PBXSourcesBuildPhase section */
		135EE149264731A00027909B /* Sources */ = {
			isa = PBXSourcesBuildPhase;
			buildActionMask = 2147483647;
			files = (
				1367385727916DF800305321 /* SegmentAPI.swift in Sources */,
				136841D0265CD37500C828BF /* StoreAPI.swift in Sources */,
				1356002A2658362C00B16B59 /* ConfigureDeviceViewModel.swift in Sources */,
				13577F4726576E410074329C /* DiscoverDeviceNavigator.swift in Sources */,
				13233CB42657340B005B1270 /* DevicesUseCase.swift in Sources */,
				138AAD63278F62A800CB4FC3 /* UIColor+Brightness.swift in Sources */,
				13233CA0265726F2005B1270 /* Application.swift in Sources */,
				13EA1B74278A83E900EE4DAC /* HeartbeatConnection.swift in Sources */,
				136EE154265A360A0015C333 /* ActivityIndicator.swift in Sources */,
				130C3ABF265795F000C7425D /* NetService+Rx.swift in Sources */,
				13233CC026573426005B1270 /* Info.swift in Sources */,
				13577F4926576E670074329C /* DiscoverDeviceViewModel.swift in Sources */,
				13299869279175A100FF8C6C /* DeviceDetailNavigator.swift in Sources */,
				130195F5265F329300FB8223 /* SettingsNavigator.swift in Sources */,
				13233CAB265733FB005B1270 /* NSManagedObjectContext+Ext.swift in Sources */,
				13233CA226572E71005B1270 /* DevicesViewModel.swift in Sources */,
				13233CAA265733F6005B1270 /* ContexScheduler.swift in Sources */,
				13233CBC26573426005B1270 /* State.swift in Sources */,
				13935DBA2793538B005BD65A /* AddSegmentViewModel.swift in Sources */,
				13209477264C9F1F007049D7 /* DevicesViewController.swift in Sources */,
				13B3EEEF27902E4E00C4AC6F /* CollectionViewHeaderCell.swift in Sources */,
				1329986D2791778200FF8C6C /* SegmentCell.swift in Sources */,
				130CEFCC264DCA9300BECFDF /* BrightnessSlider.swift in Sources */,
				13233CB22657340B005B1270 /* UseCaseProvider.swift in Sources */,
				138535FE2797ED3500AB9915 /* SegmentSettingsViewController.swift in Sources */,
				13233CA426572F06005B1270 /* DevicesNavigator.swift in Sources */,
				135704BC26562A6600B74344 /* ViewModelType.swift in Sources */,
				13233CAC265733FB005B1270 /* Observable+Ext.swift in Sources */,
				13233CA8265733F6005B1270 /* FetchedResultsControllerEntityObserver.swift in Sources */,
				13233CA7265733F0005B1270 /* Repository.swift in Sources */,
				132998672791759200FF8C6C /* DeviceDetailViewController.swift in Sources */,
				1393CD0C2657508200BAAF44 /* DeviceItemViewModel.swift in Sources */,
				13935DB4279340C0005BD65A /* AddSegmentFooterCell.swift in Sources */,
				13233CA6265733C6005B1270 /* JSON+Utils.swift in Sources */,
				130CEFCA264DBB9900BECFDF /* DeviceCell.swift in Sources */,
				13512FE82658B1DF00C4040F /* WLEDDevice+CoreDataClass.swift in Sources */,
				138AAD65278F62A800CB4FC3 /* SliderTrackView.swift in Sources */,
				13E33D0E27B9C92E0072E767 /* CommonCell.swift in Sources */,
				13E930F52658866D00C1EEF6 /* Network.swift in Sources */,
				13AC4872278C097300375C1A /* Relay.swift in Sources */,
				138536022797F63A00AB9915 /* SegmentSettingsNavigator.swift in Sources */,
				13BF24BF278D5C7500AD74A9 /* Encodable+JSON.swift in Sources */,
				134925CD279157FD002B5A95 /* EditSegmentViewModel.swift in Sources */,
				13912EA52651A3D400BD5095 /* ManuallyAddDeviceViewController.swift in Sources */,
				136841CE265CC51000C828BF /* Store.swift in Sources */,
				138AAD61278F62A800CB4FC3 /* UIView+Utils.swift in Sources */,
				1356002C2658363B00B16B59 /* ConfigureDeviceNavigator.swift in Sources */,
				138AAD66278F62A900CB4FC3 /* ChromaColorHandle.swift in Sources */,
				13F72AAB265E3DDB0013FE16 /* UIColor+Custom.swift in Sources */,
				13912EB62651D6F200BD5095 /* ConfigureDeviceViewController.swift in Sources */,
				138AAD60278F62A800CB4FC3 /* ChromaBrightnessSlider.swift in Sources */,
				136EE14F2659B6500015C333 /* InfoAPI.swift in Sources */,
				134925C827915746002B5A95 /* EditSegmentViewController.swift in Sources */,
				1329986B279175AC00FF8C6C /* DeviceDetailViewModel.swift in Sources */,
				138536002797F62F00AB9915 /* SegmentSettingsViewModel.swift in Sources */,
				13935DB827935381005BD65A /* AddSegmentViewController.swift in Sources */,
				13AC4874278C0FAD00375C1A /* ViewModelType+Ext.swift in Sources */,
				13233CBE26573426005B1270 /* Nightlight.swift in Sources */,
				13233CB62657341A005B1270 /* StateAPI.swift in Sources */,
				139F9FC92650C09D0056FC57 /* DeviceInfoCollectionViewCell.swift in Sources */,
				130C3AC62657A7BC00C7425D /* DeviceInfoItemViewModel.swift in Sources */,
				13233CBF26573426005B1270 /* Segment.swift in Sources */,
				138AAD5D278F62A800CB4FC3 /* ChromaColorPicker.swift in Sources */,
				13935DBC2793539D005BD65A /* AddSegmentNavigator.swift in Sources */,
				13233CB32657340B005B1270 /* DevicesUseCaseProtocol.swift in Sources */,
				13B9D7192660F63E009BD4DD /* LabelInset.swift in Sources */,
				139F9FBF26507F050056FC57 /* DiscoverDeviceViewController.swift in Sources */,
				13233CA9265733F6005B1270 /* NSManagedObjectContext+Rx.swift in Sources */,
				135EE151264731A00027909B /* AppDelegate.swift in Sources */,
				136841D4265CDEF400C828BF /* Leds.swift in Sources */,
				135EE153264731A00027909B /* SceneDelegate.swift in Sources */,
				13233CB126573403005B1270 /* Persistable.swift in Sources */,
				138AAD5E278F62A800CB4FC3 /* ColorWheelView.swift in Sources */,
				138AAD67278F62A900CB4FC3 /* SliderHandleView.swift in Sources */,
				134A2B2B27963B0100CF45C8 /* ColorGradientAnimation.swift in Sources */,
				13B3EEED278FA4C700C4AC6F /* ChromaColorPicker+Rx.swift in Sources */,
				13512FE92659050F00C4040F /* Model.xcdatamodeld in Sources */,
				13E930F1265867F500C1EEF6 /* Single+Ext.swift in Sources */,
				138AAD5F278F62A800CB4FC3 /* ChromaControlStylable.swift in Sources */,
				1329986F279177BC00FF8C6C /* SegmentItemViewModel.swift in Sources */,
				13233CBD26573426005B1270 /* Device.swift in Sources */,
				13233CAE26573400005B1270 /* WLEDDevice+CoreDataProperties.swift in Sources */,
				13233CB52657340D005B1270 /* CoreDataStack.swift in Sources */,
				13BBEF36266302C400685C42 /* SettingsViewModel.swift in Sources */,
				138AAD64278F62A800CB4FC3 /* UIView+DropShadow.swift in Sources */,
				138AAD62278F62A800CB4FC3 /* UIColor+Utils.swift in Sources */,
				131C4E3E27B9050F00EBAFC8 /* SegmentSettings.swift in Sources */,
				1357CD192653A85F009731D6 /* UIColor+Int.swift in Sources */,
				136841D2265CDEBA00C828BF /* Wifi.swift in Sources */,
				130C3AC1265795FD00C7425D /* NetServiceBrowser+Rx.swift in Sources */,
				13EA1B70278A7F2100EE4DAC /* HeartbeatService.swift in Sources */,
				13233CAD26573400005B1270 /* WLEDDevice+Ext.swift in Sources */,
				13AC4870278BDF1C00375C1A /* Network+Device.swift in Sources */,
				136841D7265CDF6800C828BF /* FileSystem.swift in Sources */,
				132853B726530C9E006F3692 /* SettingsViewController.swift in Sources */,
				13B9D7132660B31D009BD4DD /* GradientView.swift in Sources */,
				13233CB026573403005B1270 /* DomainConvertibleType.swift in Sources */,
				134925CA279157AE002B5A95 /* EditSegmentNavigator.swift in Sources */,
			);
			runOnlyForDeploymentPostprocessing = 0;
		};
		1390518726573BCB007CA620 /* Sources */ = {
			isa = PBXSourcesBuildPhase;
			buildActionMask = 2147483647;
			files = (
				1390519726573C6C007CA620 /* CardModalTransitioningDelegate.swift in Sources */,
				1390519826573C6C007CA620 /* CardModalPresentationController.swift in Sources */,
				13935DC02793B8EF005BD65A /* UIScreen+cornerRadiusDevice.swift in Sources */,
				13935DBF2793B8C2005BD65A /* CardModalViewController.swift in Sources */,
			);
			runOnlyForDeploymentPostprocessing = 0;
		};
/* End PBXSourcesBuildPhase section */

/* Begin PBXTargetDependency section */
		1390519D26574041007CA620 /* PBXTargetDependency */ = {
			isa = PBXTargetDependency;
			target = 1390518A26573BCB007CA620 /* ErrorErrorErrorUIKit */;
			targetProxy = 1390519C26574041007CA620 /* PBXContainerItemProxy */;
		};
/* End PBXTargetDependency section */

/* Begin PBXVariantGroup section */
		135EE15E264731A10027909B /* LaunchScreen.storyboard */ = {
			isa = PBXVariantGroup;
			children = (
				135EE15F264731A10027909B /* Base */,
			);
			name = LaunchScreen.storyboard;
			sourceTree = "<group>";
		};
/* End PBXVariantGroup section */

/* Begin XCBuildConfiguration section */
		135EE162264731A10027909B /* Debug */ = {
			isa = XCBuildConfiguration;
			buildSettings = {
				ALWAYS_SEARCH_USER_PATHS = NO;
				CLANG_ANALYZER_NONNULL = YES;
				CLANG_ANALYZER_NUMBER_OBJECT_CONVERSION = YES_AGGRESSIVE;
				CLANG_CXX_LANGUAGE_STANDARD = "gnu++14";
				CLANG_CXX_LIBRARY = "libc++";
				CLANG_ENABLE_MODULES = YES;
				CLANG_ENABLE_OBJC_ARC = YES;
				CLANG_ENABLE_OBJC_WEAK = YES;
				CLANG_WARN_BLOCK_CAPTURE_AUTORELEASING = YES;
				CLANG_WARN_BOOL_CONVERSION = YES;
				CLANG_WARN_COMMA = YES;
				CLANG_WARN_CONSTANT_CONVERSION = YES;
				CLANG_WARN_DEPRECATED_OBJC_IMPLEMENTATIONS = YES;
				CLANG_WARN_DIRECT_OBJC_ISA_USAGE = YES_ERROR;
				CLANG_WARN_DOCUMENTATION_COMMENTS = YES;
				CLANG_WARN_EMPTY_BODY = YES;
				CLANG_WARN_ENUM_CONVERSION = YES;
				CLANG_WARN_INFINITE_RECURSION = YES;
				CLANG_WARN_INT_CONVERSION = YES;
				CLANG_WARN_NON_LITERAL_NULL_CONVERSION = YES;
				CLANG_WARN_OBJC_IMPLICIT_RETAIN_SELF = YES;
				CLANG_WARN_OBJC_LITERAL_CONVERSION = YES;
				CLANG_WARN_OBJC_ROOT_CLASS = YES_ERROR;
				CLANG_WARN_QUOTED_INCLUDE_IN_FRAMEWORK_HEADER = YES;
				CLANG_WARN_RANGE_LOOP_ANALYSIS = YES;
				CLANG_WARN_STRICT_PROTOTYPES = YES;
				CLANG_WARN_SUSPICIOUS_MOVE = YES;
				CLANG_WARN_UNGUARDED_AVAILABILITY = YES_AGGRESSIVE;
				CLANG_WARN_UNREACHABLE_CODE = YES;
				CLANG_WARN__DUPLICATE_METHOD_MATCH = YES;
				COPY_PHASE_STRIP = NO;
				DEBUG_INFORMATION_FORMAT = dwarf;
				ENABLE_STRICT_OBJC_MSGSEND = YES;
				ENABLE_TESTABILITY = YES;
				GCC_C_LANGUAGE_STANDARD = gnu11;
				GCC_DYNAMIC_NO_PIC = NO;
				GCC_NO_COMMON_BLOCKS = YES;
				GCC_OPTIMIZATION_LEVEL = 0;
				GCC_PREPROCESSOR_DEFINITIONS = (
					"DEBUG=1",
					"$(inherited)",
				);
				GCC_WARN_64_TO_32_BIT_CONVERSION = YES;
				GCC_WARN_ABOUT_RETURN_TYPE = YES_ERROR;
				GCC_WARN_UNDECLARED_SELECTOR = YES;
				GCC_WARN_UNINITIALIZED_AUTOS = YES_AGGRESSIVE;
				GCC_WARN_UNUSED_FUNCTION = YES;
				GCC_WARN_UNUSED_VARIABLE = YES;
				IPHONEOS_DEPLOYMENT_TARGET = 14.3;
				MTL_ENABLE_DEBUG_INFO = INCLUDE_SOURCE;
				MTL_FAST_MATH = YES;
				ONLY_ACTIVE_ARCH = YES;
				SDKROOT = iphoneos;
				SWIFT_ACTIVE_COMPILATION_CONDITIONS = DEBUG;
				SWIFT_OPTIMIZATION_LEVEL = "-Onone";
			};
			name = Debug;
		};
		135EE163264731A10027909B /* Release */ = {
			isa = XCBuildConfiguration;
			buildSettings = {
				ALWAYS_SEARCH_USER_PATHS = NO;
				CLANG_ANALYZER_NONNULL = YES;
				CLANG_ANALYZER_NUMBER_OBJECT_CONVERSION = YES_AGGRESSIVE;
				CLANG_CXX_LANGUAGE_STANDARD = "gnu++14";
				CLANG_CXX_LIBRARY = "libc++";
				CLANG_ENABLE_MODULES = YES;
				CLANG_ENABLE_OBJC_ARC = YES;
				CLANG_ENABLE_OBJC_WEAK = YES;
				CLANG_WARN_BLOCK_CAPTURE_AUTORELEASING = YES;
				CLANG_WARN_BOOL_CONVERSION = YES;
				CLANG_WARN_COMMA = YES;
				CLANG_WARN_CONSTANT_CONVERSION = YES;
				CLANG_WARN_DEPRECATED_OBJC_IMPLEMENTATIONS = YES;
				CLANG_WARN_DIRECT_OBJC_ISA_USAGE = YES_ERROR;
				CLANG_WARN_DOCUMENTATION_COMMENTS = YES;
				CLANG_WARN_EMPTY_BODY = YES;
				CLANG_WARN_ENUM_CONVERSION = YES;
				CLANG_WARN_INFINITE_RECURSION = YES;
				CLANG_WARN_INT_CONVERSION = YES;
				CLANG_WARN_NON_LITERAL_NULL_CONVERSION = YES;
				CLANG_WARN_OBJC_IMPLICIT_RETAIN_SELF = YES;
				CLANG_WARN_OBJC_LITERAL_CONVERSION = YES;
				CLANG_WARN_OBJC_ROOT_CLASS = YES_ERROR;
				CLANG_WARN_QUOTED_INCLUDE_IN_FRAMEWORK_HEADER = YES;
				CLANG_WARN_RANGE_LOOP_ANALYSIS = YES;
				CLANG_WARN_STRICT_PROTOTYPES = YES;
				CLANG_WARN_SUSPICIOUS_MOVE = YES;
				CLANG_WARN_UNGUARDED_AVAILABILITY = YES_AGGRESSIVE;
				CLANG_WARN_UNREACHABLE_CODE = YES;
				CLANG_WARN__DUPLICATE_METHOD_MATCH = YES;
				COPY_PHASE_STRIP = NO;
				DEBUG_INFORMATION_FORMAT = "dwarf-with-dsym";
				ENABLE_NS_ASSERTIONS = NO;
				ENABLE_STRICT_OBJC_MSGSEND = YES;
				GCC_C_LANGUAGE_STANDARD = gnu11;
				GCC_NO_COMMON_BLOCKS = YES;
				GCC_WARN_64_TO_32_BIT_CONVERSION = YES;
				GCC_WARN_ABOUT_RETURN_TYPE = YES_ERROR;
				GCC_WARN_UNDECLARED_SELECTOR = YES;
				GCC_WARN_UNINITIALIZED_AUTOS = YES_AGGRESSIVE;
				GCC_WARN_UNUSED_FUNCTION = YES;
				GCC_WARN_UNUSED_VARIABLE = YES;
				IPHONEOS_DEPLOYMENT_TARGET = 14.3;
				MTL_ENABLE_DEBUG_INFO = NO;
				MTL_FAST_MATH = YES;
				SDKROOT = iphoneos;
				SWIFT_COMPILATION_MODE = wholemodule;
				SWIFT_OPTIMIZATION_LEVEL = "-O";
				VALIDATE_PRODUCT = YES;
			};
			name = Release;
		};
		135EE165264731A10027909B /* Debug */ = {
			isa = XCBuildConfiguration;
			buildSettings = {
				ALWAYS_EMBED_SWIFT_STANDARD_LIBRARIES = YES;
				ASSETCATALOG_COMPILER_APPICON_NAME = AppIcon;
				ASSETCATALOG_COMPILER_GLOBAL_ACCENT_COLOR_NAME = AccentColor;
				CODE_SIGN_STYLE = Automatic;
				DEVELOPMENT_TEAM = A6HC4Y86NJ;
				INFOPLIST_FILE = "WLED Remote/Info.plist";
				IPHONEOS_DEPLOYMENT_TARGET = 14.3;
				LD_RUNPATH_SEARCH_PATHS = (
					"$(inherited)",
					"@executable_path/Frameworks",
				);
				PRODUCT_BUNDLE_IDENTIFIER = "com.errorerrorerror.WLED-Hue";
				PRODUCT_NAME = "$(TARGET_NAME)";
				SWIFT_VERSION = 5.0;
				TARGETED_DEVICE_FAMILY = 1;
			};
			name = Debug;
		};
		135EE166264731A10027909B /* Release */ = {
			isa = XCBuildConfiguration;
			buildSettings = {
				ALWAYS_EMBED_SWIFT_STANDARD_LIBRARIES = YES;
				ASSETCATALOG_COMPILER_APPICON_NAME = AppIcon;
				ASSETCATALOG_COMPILER_GLOBAL_ACCENT_COLOR_NAME = AccentColor;
				CODE_SIGN_STYLE = Automatic;
				DEVELOPMENT_TEAM = A6HC4Y86NJ;
				INFOPLIST_FILE = "WLED Remote/Info.plist";
				IPHONEOS_DEPLOYMENT_TARGET = 14.3;
				LD_RUNPATH_SEARCH_PATHS = (
					"$(inherited)",
					"@executable_path/Frameworks",
				);
				PRODUCT_BUNDLE_IDENTIFIER = "com.errorerrorerror.WLED-Hue";
				PRODUCT_NAME = "$(TARGET_NAME)";
				SWIFT_VERSION = 5.0;
				TARGETED_DEVICE_FAMILY = 1;
			};
			name = Release;
		};
		1390519526573BCB007CA620 /* Debug */ = {
			isa = XCBuildConfiguration;
			buildSettings = {
				CODE_SIGN_STYLE = Automatic;
				CURRENT_PROJECT_VERSION = 1;
				DEFINES_MODULE = YES;
				DEVELOPMENT_TEAM = A6HC4Y86NJ;
				DYLIB_COMPATIBILITY_VERSION = 1;
				DYLIB_CURRENT_VERSION = 1;
				DYLIB_INSTALL_NAME_BASE = "@rpath";
				INFOPLIST_FILE = ErrorErrorErrorUIKit/Info.plist;
				INSTALL_PATH = "$(LOCAL_LIBRARY_DIR)/Frameworks";
				IPHONEOS_DEPLOYMENT_TARGET = 14.3;
				LD_RUNPATH_SEARCH_PATHS = (
					"$(inherited)",
					"@executable_path/Frameworks",
					"@loader_path/Frameworks",
				);
				PRODUCT_BUNDLE_IDENTIFIER = com.errorerrorerror.ErrorErrorErrorUIKit;
				PRODUCT_NAME = "$(TARGET_NAME:c99extidentifier)";
				SKIP_INSTALL = YES;
				SUPPORTS_MACCATALYST = NO;
				SWIFT_VERSION = 5.0;
				TARGETED_DEVICE_FAMILY = 1;
				VERSIONING_SYSTEM = "apple-generic";
				VERSION_INFO_PREFIX = "";
			};
			name = Debug;
		};
		1390519626573BCB007CA620 /* Release */ = {
			isa = XCBuildConfiguration;
			buildSettings = {
				CODE_SIGN_STYLE = Automatic;
				CURRENT_PROJECT_VERSION = 1;
				DEFINES_MODULE = YES;
				DEVELOPMENT_TEAM = A6HC4Y86NJ;
				DYLIB_COMPATIBILITY_VERSION = 1;
				DYLIB_CURRENT_VERSION = 1;
				DYLIB_INSTALL_NAME_BASE = "@rpath";
				INFOPLIST_FILE = ErrorErrorErrorUIKit/Info.plist;
				INSTALL_PATH = "$(LOCAL_LIBRARY_DIR)/Frameworks";
				IPHONEOS_DEPLOYMENT_TARGET = 14.3;
				LD_RUNPATH_SEARCH_PATHS = (
					"$(inherited)",
					"@executable_path/Frameworks",
					"@loader_path/Frameworks",
				);
				PRODUCT_BUNDLE_IDENTIFIER = com.errorerrorerror.ErrorErrorErrorUIKit;
				PRODUCT_NAME = "$(TARGET_NAME:c99extidentifier)";
				SKIP_INSTALL = YES;
				SUPPORTS_MACCATALYST = NO;
				SWIFT_VERSION = 5.0;
				TARGETED_DEVICE_FAMILY = 1;
				VERSIONING_SYSTEM = "apple-generic";
				VERSION_INFO_PREFIX = "";
			};
			name = Release;
		};
/* End XCBuildConfiguration section */

/* Begin XCConfigurationList section */
		135EE148264731A00027909B /* Build configuration list for PBXProject "WLED Remote" */ = {
			isa = XCConfigurationList;
			buildConfigurations = (
				135EE162264731A10027909B /* Debug */,
				135EE163264731A10027909B /* Release */,
			);
			defaultConfigurationIsVisible = 0;
			defaultConfigurationName = Release;
		};
		135EE164264731A10027909B /* Build configuration list for PBXNativeTarget "WLED Hue" */ = {
			isa = XCConfigurationList;
			buildConfigurations = (
				135EE165264731A10027909B /* Debug */,
				135EE166264731A10027909B /* Release */,
			);
			defaultConfigurationIsVisible = 0;
			defaultConfigurationName = Release;
		};
		1390519426573BCB007CA620 /* Build configuration list for PBXNativeTarget "ErrorErrorErrorUIKit" */ = {
			isa = XCConfigurationList;
			buildConfigurations = (
				1390519526573BCB007CA620 /* Debug */,
				1390519626573BCB007CA620 /* Release */,
			);
			defaultConfigurationIsVisible = 0;
			defaultConfigurationName = Release;
		};
/* End XCConfigurationList section */

/* Begin XCRemoteSwiftPackageReference section */
		1399F2ED278ADFA00014A561 /* XCRemoteSwiftPackageReference "QueryKit" */ = {
			isa = XCRemoteSwiftPackageReference;
			repositoryURL = "https://github.com/QueryKit/QueryKit.git";
			requirement = {
				branch = master;
				kind = branch;
			};
		};
		13C8A366278ADC3500875776 /* XCRemoteSwiftPackageReference "RxDataSources" */ = {
			isa = XCRemoteSwiftPackageReference;
			repositoryURL = "https://github.com/RxSwiftCommunity/RxDataSources.git";
			requirement = {
				kind = exactVersion;
				version = 5.0.2;
			};
		};
		13C8A369278ADC8100875776 /* XCRemoteSwiftPackageReference "RxSwift" */ = {
			isa = XCRemoteSwiftPackageReference;
			repositoryURL = "https://github.com/ReactiveX/RxSwift.git";
			requirement = {
				kind = exactVersion;
				version = 6.2.0;
			};
		};
		13C8A374278ADCA700875776 /* XCRemoteSwiftPackageReference "Alamofire" */ = {
			isa = XCRemoteSwiftPackageReference;
			repositoryURL = "https://github.com/Alamofire/Alamofire.git";
			requirement = {
				kind = exactVersion;
				version = 5.5.0;
			};
		};
		13C8A378278ADD2D00875776 /* XCRemoteSwiftPackageReference "RxAlamofire" */ = {
			isa = XCRemoteSwiftPackageReference;
			repositoryURL = "https://github.com/RxSwiftCommunity/RxAlamofire.git";
			requirement = {
				kind = exactVersion;
				version = 6.1.2;
			};
		};
		13D3413D278C1410008D4762 /* XCRemoteSwiftPackageReference "Then" */ = {
			isa = XCRemoteSwiftPackageReference;
			repositoryURL = "https://github.com/devxoul/Then";
			requirement = {
				kind = upToNextMajorVersion;
				minimumVersion = 2.0.0;
			};
		};
/* End XCRemoteSwiftPackageReference section */

/* Begin XCSwiftPackageProductDependency section */
		13935DC32793BC61005BD65A /* Then */ = {
			isa = XCSwiftPackageProductDependency;
			package = 13D3413D278C1410008D4762 /* XCRemoteSwiftPackageReference "Then" */;
			productName = Then;
		};
		1399F2EE278ADFA00014A561 /* QueryKit */ = {
			isa = XCSwiftPackageProductDependency;
			package = 1399F2ED278ADFA00014A561 /* XCRemoteSwiftPackageReference "QueryKit" */;
			productName = QueryKit;
		};
		13C8A367278ADC3500875776 /* RxDataSources */ = {
			isa = XCSwiftPackageProductDependency;
			package = 13C8A366278ADC3500875776 /* XCRemoteSwiftPackageReference "RxDataSources" */;
			productName = RxDataSources;
		};
		13C8A36A278ADC8100875776 /* RxBlocking */ = {
			isa = XCSwiftPackageProductDependency;
			package = 13C8A369278ADC8100875776 /* XCRemoteSwiftPackageReference "RxSwift" */;
			productName = RxBlocking;
		};
		13C8A36C278ADC8100875776 /* RxCocoa */ = {
			isa = XCSwiftPackageProductDependency;
			package = 13C8A369278ADC8100875776 /* XCRemoteSwiftPackageReference "RxSwift" */;
			productName = RxCocoa;
		};
		13C8A36E278ADC8100875776 /* RxRelay */ = {
			isa = XCSwiftPackageProductDependency;
			package = 13C8A369278ADC8100875776 /* XCRemoteSwiftPackageReference "RxSwift" */;
			productName = RxRelay;
		};
		13C8A370278ADC8100875776 /* RxSwift */ = {
			isa = XCSwiftPackageProductDependency;
			package = 13C8A369278ADC8100875776 /* XCRemoteSwiftPackageReference "RxSwift" */;
			productName = RxSwift;
		};
		13C8A375278ADCA700875776 /* Alamofire */ = {
			isa = XCSwiftPackageProductDependency;
			package = 13C8A374278ADCA700875776 /* XCRemoteSwiftPackageReference "Alamofire" */;
			productName = Alamofire;
		};
		13C8A379278ADD2D00875776 /* RxAlamofire */ = {
			isa = XCSwiftPackageProductDependency;
			package = 13C8A378278ADD2D00875776 /* XCRemoteSwiftPackageReference "RxAlamofire" */;
			productName = RxAlamofire;
		};
		13D3413E278C1410008D4762 /* Then */ = {
			isa = XCSwiftPackageProductDependency;
			package = 13D3413D278C1410008D4762 /* XCRemoteSwiftPackageReference "Then" */;
			productName = Then;
		};
/* End XCSwiftPackageProductDependency section */

/* Begin XCVersionGroup section */
		135CFDBD2656396600D05757 /* Model.xcdatamodeld */ = {
			isa = XCVersionGroup;
			children = (
				135CFDBE2656396600D05757 /* Model.xcdatamodel */,
			);
			currentVersion = 135CFDBE2656396600D05757 /* Model.xcdatamodel */;
			path = Model.xcdatamodeld;
			sourceTree = "<group>";
			versionGroupType = wrapper.xcdatamodel;
		};
/* End XCVersionGroup section */
	};
	rootObject = 135EE145264731A00027909B /* Project object */;
}
