// !$*UTF8*$!
{
	archiveVersion = 1;
	classes = {
	};
	objectVersion = 51;
	objects = {

/* Begin PBXBuildFile section */
		130C3ABF265795F000C7425D /* NetService+Rx.swift in Sources */ = {isa = PBXBuildFile; fileRef = 130C3ABE265795F000C7425D /* NetService+Rx.swift */; };
		130C3AC1265795FD00C7425D /* NetServiceBrowser+Rx.swift in Sources */ = {isa = PBXBuildFile; fileRef = 130C3AC0265795FD00C7425D /* NetServiceBrowser+Rx.swift */; };
		130C3AC62657A7BC00C7425D /* DeviceInfoItemViewModel.swift in Sources */ = {isa = PBXBuildFile; fileRef = 130C3AC52657A7BC00C7425D /* DeviceInfoItemViewModel.swift */; };
		130CEFCA264DBB9900BECFDF /* DeviceCollectionViewCell.swift in Sources */ = {isa = PBXBuildFile; fileRef = 130CEFC9264DBB9900BECFDF /* DeviceCollectionViewCell.swift */; };
		130CEFCC264DCA9300BECFDF /* BrightnessSlider.swift in Sources */ = {isa = PBXBuildFile; fileRef = 130CEFCB264DCA9300BECFDF /* BrightnessSlider.swift */; };
		13209477264C9F1F007049D7 /* DevicesViewController.swift in Sources */ = {isa = PBXBuildFile; fileRef = 13209476264C9F1F007049D7 /* DevicesViewController.swift */; };
		13233CA0265726F2005B1270 /* Application.swift in Sources */ = {isa = PBXBuildFile; fileRef = 13233C9F265726F2005B1270 /* Application.swift */; };
		13233CA226572E71005B1270 /* DevicesViewModel.swift in Sources */ = {isa = PBXBuildFile; fileRef = 13233CA126572E71005B1270 /* DevicesViewModel.swift */; };
		13233CA426572F06005B1270 /* DevicesNavigator.swift in Sources */ = {isa = PBXBuildFile; fileRef = 13233CA326572F06005B1270 /* DevicesNavigator.swift */; };
		13233CA6265733C6005B1270 /* JSON+Utils.swift in Sources */ = {isa = PBXBuildFile; fileRef = 1380FFC52654AAEA00FC692E /* JSON+Utils.swift */; };
		13233CA7265733F0005B1270 /* Repository.swift in Sources */ = {isa = PBXBuildFile; fileRef = 13233C8C2656E286005B1270 /* Repository.swift */; };
		13233CA8265733F6005B1270 /* FetchedResultsControllerEntityObserver.swift in Sources */ = {isa = PBXBuildFile; fileRef = 13233C912656E362005B1270 /* FetchedResultsControllerEntityObserver.swift */; };
		13233CA9265733F6005B1270 /* NSManagedObjectContext+Rx.swift in Sources */ = {isa = PBXBuildFile; fileRef = 13233C932656E37A005B1270 /* NSManagedObjectContext+Rx.swift */; };
		13233CAA265733F6005B1270 /* ContexScheduler.swift in Sources */ = {isa = PBXBuildFile; fileRef = 13233C8F2656E336005B1270 /* ContexScheduler.swift */; };
		13233CAB265733FB005B1270 /* NSManagedObjectContext+Ext.swift in Sources */ = {isa = PBXBuildFile; fileRef = 138F328B2656463100379A0F /* NSManagedObjectContext+Ext.swift */; };
		13233CAC265733FB005B1270 /* Observable+Ext.swift in Sources */ = {isa = PBXBuildFile; fileRef = 13233C962656E448005B1270 /* Observable+Ext.swift */; };
		13233CAD26573400005B1270 /* CDDevice+Ext.swift in Sources */ = {isa = PBXBuildFile; fileRef = 134DF8D326545BB1005B7DFE /* CDDevice+Ext.swift */; };
		13233CAE26573400005B1270 /* CDDevice+CoreDataProperties.swift in Sources */ = {isa = PBXBuildFile; fileRef = 132853B02652EDFF006F3692 /* CDDevice+CoreDataProperties.swift */; };
		13233CB026573403005B1270 /* DomainConvertibleType.swift in Sources */ = {isa = PBXBuildFile; fileRef = 13233C9A2656E472005B1270 /* DomainConvertibleType.swift */; };
		13233CB126573403005B1270 /* Persistable.swift in Sources */ = {isa = PBXBuildFile; fileRef = 13233C992656E472005B1270 /* Persistable.swift */; };
		13233CB22657340B005B1270 /* UseCaseProvider.swift in Sources */ = {isa = PBXBuildFile; fileRef = 13233C892656E23F005B1270 /* UseCaseProvider.swift */; };
		13233CB32657340B005B1270 /* DevicesUseCaseProtocol.swift in Sources */ = {isa = PBXBuildFile; fileRef = 134DF8D82654609C005B7DFE /* DevicesUseCaseProtocol.swift */; };
		13233CB42657340B005B1270 /* DevicesUseCase.swift in Sources */ = {isa = PBXBuildFile; fileRef = 13233C9D2656FFB2005B1270 /* DevicesUseCase.swift */; };
		13233CB52657340D005B1270 /* CoreDataStack.swift in Sources */ = {isa = PBXBuildFile; fileRef = 134DF8CB2654595A005B7DFE /* CoreDataStack.swift */; };
		13233CB62657341A005B1270 /* StateNetwork.swift in Sources */ = {isa = PBXBuildFile; fileRef = 138F32912656479900379A0F /* StateNetwork.swift */; };
		13233CBB26573426005B1270 /* Preset.swift in Sources */ = {isa = PBXBuildFile; fileRef = 13209478264CA3FA007049D7 /* Preset.swift */; };
		13233CBC26573426005B1270 /* State.swift in Sources */ = {isa = PBXBuildFile; fileRef = 13209481264D1534007049D7 /* State.swift */; };
		13233CBD26573426005B1270 /* Device.swift in Sources */ = {isa = PBXBuildFile; fileRef = 134DF8D526545C24005B7DFE /* Device.swift */; };
		13233CBE26573426005B1270 /* Nightlight.swift in Sources */ = {isa = PBXBuildFile; fileRef = 1380FFC12654A82200FC692E /* Nightlight.swift */; };
		13233CBF26573426005B1270 /* Segment.swift in Sources */ = {isa = PBXBuildFile; fileRef = 1380FFC32654A83F00FC692E /* Segment.swift */; };
		13233CC026573426005B1270 /* Info.swift in Sources */ = {isa = PBXBuildFile; fileRef = 130CEFC2264D1D5900BECFDF /* Info.swift */; };
		132853B726530C9E006F3692 /* SettingsViewController.swift in Sources */ = {isa = PBXBuildFile; fileRef = 132853B626530C9E006F3692 /* SettingsViewController.swift */; };
		13512FE82658B1DF00C4040F /* CDDevice+CoreDataClass.swift in Sources */ = {isa = PBXBuildFile; fileRef = 13512FE72658B1DF00C4040F /* CDDevice+CoreDataClass.swift */; };
		13512FE92659050F00C4040F /* Model.xcdatamodeld in Sources */ = {isa = PBXBuildFile; fileRef = 135CFDBD2656396600D05757 /* Model.xcdatamodeld */; };
		1356002A2658362C00B16B59 /* AddDeviceViewModel.swift in Sources */ = {isa = PBXBuildFile; fileRef = 135600292658362C00B16B59 /* AddDeviceViewModel.swift */; };
		1356002C2658363B00B16B59 /* AddDeviceNavigator.swift in Sources */ = {isa = PBXBuildFile; fileRef = 1356002B2658363B00B16B59 /* AddDeviceNavigator.swift */; };
		135704BC26562A6600B74344 /* ViewModelType.swift in Sources */ = {isa = PBXBuildFile; fileRef = 135704BB26562A6600B74344 /* ViewModelType.swift */; };
		13577F4726576E410074329C /* DiscoverDeviceNavigator.swift in Sources */ = {isa = PBXBuildFile; fileRef = 13577F4626576E410074329C /* DiscoverDeviceNavigator.swift */; };
		13577F4926576E670074329C /* DiscoverDeviceViewModel.swift in Sources */ = {isa = PBXBuildFile; fileRef = 13577F4826576E670074329C /* DiscoverDeviceViewModel.swift */; };
		1357CD192653A85F009731D6 /* UIColor+Int.swift in Sources */ = {isa = PBXBuildFile; fileRef = 1357CD182653A85F009731D6 /* UIColor+Int.swift */; };
		135EE151264731A00027909B /* AppDelegate.swift in Sources */ = {isa = PBXBuildFile; fileRef = 135EE150264731A00027909B /* AppDelegate.swift */; };
		135EE153264731A00027909B /* SceneDelegate.swift in Sources */ = {isa = PBXBuildFile; fileRef = 135EE152264731A00027909B /* SceneDelegate.swift */; };
		135EE155264731A00027909B /* MainViewController.swift in Sources */ = {isa = PBXBuildFile; fileRef = 135EE154264731A00027909B /* MainViewController.swift */; };
		135EE15D264731A10027909B /* Assets.xcassets in Resources */ = {isa = PBXBuildFile; fileRef = 135EE15C264731A10027909B /* Assets.xcassets */; };
		135EE160264731A10027909B /* LaunchScreen.storyboard in Resources */ = {isa = PBXBuildFile; fileRef = 135EE15E264731A10027909B /* LaunchScreen.storyboard */; };
		138FF65A264C706900216D47 /* DeviceViewController.swift in Sources */ = {isa = PBXBuildFile; fileRef = 138FF659264C706900216D47 /* DeviceViewController.swift */; };
		1390518F26573BCB007CA620 /* ErrorErrorErrorUIKit.h in Headers */ = {isa = PBXBuildFile; fileRef = 1390518D26573BCB007CA620 /* ErrorErrorErrorUIKit.h */; settings = {ATTRIBUTES = (Public, ); }; };
		1390519726573C6C007CA620 /* CardModalTransitioningDelegate.swift in Sources */ = {isa = PBXBuildFile; fileRef = 139F9FC1265083810056FC57 /* CardModalTransitioningDelegate.swift */; };
		1390519826573C6C007CA620 /* CardModalPresentationController.swift in Sources */ = {isa = PBXBuildFile; fileRef = 139F9FC4265084520056FC57 /* CardModalPresentationController.swift */; };
		1390519A26574041007CA620 /* ErrorErrorErrorUIKit.framework in Frameworks */ = {isa = PBXBuildFile; fileRef = 1390518B26573BCB007CA620 /* ErrorErrorErrorUIKit.framework */; };
		1390519B26574041007CA620 /* ErrorErrorErrorUIKit.framework in Embed Frameworks */ = {isa = PBXBuildFile; fileRef = 1390518B26573BCB007CA620 /* ErrorErrorErrorUIKit.framework */; settings = {ATTRIBUTES = (CodeSignOnCopy, RemoveHeadersOnCopy, ); }; };
		13912EA52651A3D400BD5095 /* ManuallyAddDeviceViewController.swift in Sources */ = {isa = PBXBuildFile; fileRef = 13912EA42651A3D400BD5095 /* ManuallyAddDeviceViewController.swift */; };
		13912EB62651D6F200BD5095 /* AddDeviceViewController.swift in Sources */ = {isa = PBXBuildFile; fileRef = 13912EB52651D6F200BD5095 /* AddDeviceViewController.swift */; };
		1393CD0C2657508200BAAF44 /* DeviceItemViewModel.swift in Sources */ = {isa = PBXBuildFile; fileRef = 1393CD0B2657508200BAAF44 /* DeviceItemViewModel.swift */; };
		1393CD10265769DD00BAAF44 /* Pods_WLED_Remote.framework in Frameworks */ = {isa = PBXBuildFile; fileRef = 6EB4E333E80206DF476A2100 /* Pods_WLED_Remote.framework */; };
		1393CD11265769DD00BAAF44 /* Pods_WLED_Remote.framework in Embed Frameworks */ = {isa = PBXBuildFile; fileRef = 6EB4E333E80206DF476A2100 /* Pods_WLED_Remote.framework */; settings = {ATTRIBUTES = (CodeSignOnCopy, RemoveHeadersOnCopy, ); }; };
		139F9FBF26507F050056FC57 /* DiscoverDeviceViewController.swift in Sources */ = {isa = PBXBuildFile; fileRef = 139F9FBE26507F050056FC57 /* DiscoverDeviceViewController.swift */; };
		139F9FC92650C09D0056FC57 /* DeviceInfoCollectionViewCell.swift in Sources */ = {isa = PBXBuildFile; fileRef = 139F9FC82650C09D0056FC57 /* DeviceInfoCollectionViewCell.swift */; };
		139F9FCC2650C59B0056FC57 /* UIScreen+cornerRadiusDevice.swift in Sources */ = {isa = PBXBuildFile; fileRef = 139F9FCB2650C59B0056FC57 /* UIScreen+cornerRadiusDevice.swift */; };
		13E930F1265867F500C1EEF6 /* Single+Ext.swift in Sources */ = {isa = PBXBuildFile; fileRef = 13E930F0265867F500C1EEF6 /* Single+Ext.swift */; };
		13E930F3265885EA00C1EEF6 /* DeviceNetwork.swift in Sources */ = {isa = PBXBuildFile; fileRef = 13E930F2265885EA00C1EEF6 /* DeviceNetwork.swift */; };
		13E930F52658866D00C1EEF6 /* Network.swift in Sources */ = {isa = PBXBuildFile; fileRef = 13E930F42658866D00C1EEF6 /* Network.swift */; };
		D30749BE3C47D395E5CAA495 /* Pods_ErrorErrorErrorUIKit.framework in Frameworks */ = {isa = PBXBuildFile; fileRef = 0D55626E9B4BB38966FE5563 /* Pods_ErrorErrorErrorUIKit.framework */; };
/* End PBXBuildFile section */

/* Begin PBXContainerItemProxy section */
		1390519C26574041007CA620 /* PBXContainerItemProxy */ = {
			isa = PBXContainerItemProxy;
			containerPortal = 135EE145264731A00027909B /* Project object */;
			proxyType = 1;
			remoteGlobalIDString = 1390518A26573BCB007CA620;
			remoteInfo = ErrorErrorErrorUIKit;
		};
/* End PBXContainerItemProxy section */

/* Begin PBXCopyFilesBuildPhase section */
		1390519E26574041007CA620 /* Embed Frameworks */ = {
			isa = PBXCopyFilesBuildPhase;
			buildActionMask = 2147483647;
			dstPath = "";
			dstSubfolderSpec = 10;
			files = (
				1393CD11265769DD00BAAF44 /* Pods_WLED_Remote.framework in Embed Frameworks */,
				1390519B26574041007CA620 /* ErrorErrorErrorUIKit.framework in Embed Frameworks */,
			);
			name = "Embed Frameworks";
			runOnlyForDeploymentPostprocessing = 0;
		};
/* End PBXCopyFilesBuildPhase section */

/* Begin PBXFileReference section */
		0D55626E9B4BB38966FE5563 /* Pods_ErrorErrorErrorUIKit.framework */ = {isa = PBXFileReference; explicitFileType = wrapper.framework; includeInIndex = 0; path = Pods_ErrorErrorErrorUIKit.framework; sourceTree = BUILT_PRODUCTS_DIR; };
		130C3ABE265795F000C7425D /* NetService+Rx.swift */ = {isa = PBXFileReference; lastKnownFileType = sourcecode.swift; path = "NetService+Rx.swift"; sourceTree = "<group>"; };
		130C3AC0265795FD00C7425D /* NetServiceBrowser+Rx.swift */ = {isa = PBXFileReference; lastKnownFileType = sourcecode.swift; path = "NetServiceBrowser+Rx.swift"; sourceTree = "<group>"; };
		130C3AC52657A7BC00C7425D /* DeviceInfoItemViewModel.swift */ = {isa = PBXFileReference; lastKnownFileType = sourcecode.swift; path = DeviceInfoItemViewModel.swift; sourceTree = "<group>"; };
		130CEFC2264D1D5900BECFDF /* Info.swift */ = {isa = PBXFileReference; lastKnownFileType = sourcecode.swift; path = Info.swift; sourceTree = "<group>"; };
		130CEFC9264DBB9900BECFDF /* DeviceCollectionViewCell.swift */ = {isa = PBXFileReference; lastKnownFileType = sourcecode.swift; path = DeviceCollectionViewCell.swift; sourceTree = "<group>"; };
		130CEFCB264DCA9300BECFDF /* BrightnessSlider.swift */ = {isa = PBXFileReference; lastKnownFileType = sourcecode.swift; path = BrightnessSlider.swift; sourceTree = "<group>"; };
		13209476264C9F1F007049D7 /* DevicesViewController.swift */ = {isa = PBXFileReference; lastKnownFileType = sourcecode.swift; path = DevicesViewController.swift; sourceTree = "<group>"; };
		13209478264CA3FA007049D7 /* Preset.swift */ = {isa = PBXFileReference; lastKnownFileType = sourcecode.swift; path = Preset.swift; sourceTree = "<group>"; };
		13209481264D1534007049D7 /* State.swift */ = {isa = PBXFileReference; lastKnownFileType = sourcecode.swift; path = State.swift; sourceTree = "<group>"; };
		13233C892656E23F005B1270 /* UseCaseProvider.swift */ = {isa = PBXFileReference; lastKnownFileType = sourcecode.swift; path = UseCaseProvider.swift; sourceTree = "<group>"; };
		13233C8C2656E286005B1270 /* Repository.swift */ = {isa = PBXFileReference; lastKnownFileType = sourcecode.swift; path = Repository.swift; sourceTree = "<group>"; };
		13233C8F2656E336005B1270 /* ContexScheduler.swift */ = {isa = PBXFileReference; lastKnownFileType = sourcecode.swift; path = ContexScheduler.swift; sourceTree = "<group>"; };
		13233C912656E362005B1270 /* FetchedResultsControllerEntityObserver.swift */ = {isa = PBXFileReference; lastKnownFileType = sourcecode.swift; path = FetchedResultsControllerEntityObserver.swift; sourceTree = "<group>"; };
		13233C932656E37A005B1270 /* NSManagedObjectContext+Rx.swift */ = {isa = PBXFileReference; lastKnownFileType = sourcecode.swift; path = "NSManagedObjectContext+Rx.swift"; sourceTree = "<group>"; };
		13233C962656E448005B1270 /* Observable+Ext.swift */ = {isa = PBXFileReference; lastKnownFileType = sourcecode.swift; path = "Observable+Ext.swift"; sourceTree = "<group>"; };
		13233C992656E472005B1270 /* Persistable.swift */ = {isa = PBXFileReference; fileEncoding = 4; lastKnownFileType = sourcecode.swift; path = Persistable.swift; sourceTree = "<group>"; };
		13233C9A2656E472005B1270 /* DomainConvertibleType.swift */ = {isa = PBXFileReference; fileEncoding = 4; lastKnownFileType = sourcecode.swift; path = DomainConvertibleType.swift; sourceTree = "<group>"; };
		13233C9D2656FFB2005B1270 /* DevicesUseCase.swift */ = {isa = PBXFileReference; lastKnownFileType = sourcecode.swift; path = DevicesUseCase.swift; sourceTree = "<group>"; };
		13233C9F265726F2005B1270 /* Application.swift */ = {isa = PBXFileReference; lastKnownFileType = sourcecode.swift; path = Application.swift; sourceTree = "<group>"; };
		13233CA126572E71005B1270 /* DevicesViewModel.swift */ = {isa = PBXFileReference; lastKnownFileType = sourcecode.swift; path = DevicesViewModel.swift; sourceTree = "<group>"; };
		13233CA326572F06005B1270 /* DevicesNavigator.swift */ = {isa = PBXFileReference; lastKnownFileType = sourcecode.swift; path = DevicesNavigator.swift; sourceTree = "<group>"; };
		132853B02652EDFF006F3692 /* CDDevice+CoreDataProperties.swift */ = {isa = PBXFileReference; lastKnownFileType = sourcecode.swift; path = "CDDevice+CoreDataProperties.swift"; sourceTree = "<group>"; };
		132853B626530C9E006F3692 /* SettingsViewController.swift */ = {isa = PBXFileReference; lastKnownFileType = sourcecode.swift; path = SettingsViewController.swift; sourceTree = "<group>"; };
		134DF8CB2654595A005B7DFE /* CoreDataStack.swift */ = {isa = PBXFileReference; lastKnownFileType = sourcecode.swift; path = CoreDataStack.swift; sourceTree = "<group>"; };
		134DF8D326545BB1005B7DFE /* CDDevice+Ext.swift */ = {isa = PBXFileReference; lastKnownFileType = sourcecode.swift; path = "CDDevice+Ext.swift"; sourceTree = "<group>"; };
		134DF8D526545C24005B7DFE /* Device.swift */ = {isa = PBXFileReference; lastKnownFileType = sourcecode.swift; path = Device.swift; sourceTree = "<group>"; };
		134DF8D82654609C005B7DFE /* DevicesUseCaseProtocol.swift */ = {isa = PBXFileReference; lastKnownFileType = sourcecode.swift; path = DevicesUseCaseProtocol.swift; sourceTree = "<group>"; };
		13512FE72658B1DF00C4040F /* CDDevice+CoreDataClass.swift */ = {isa = PBXFileReference; lastKnownFileType = sourcecode.swift; path = "CDDevice+CoreDataClass.swift"; sourceTree = "<group>"; };
		135600292658362C00B16B59 /* AddDeviceViewModel.swift */ = {isa = PBXFileReference; lastKnownFileType = sourcecode.swift; path = AddDeviceViewModel.swift; sourceTree = "<group>"; };
		1356002B2658363B00B16B59 /* AddDeviceNavigator.swift */ = {isa = PBXFileReference; lastKnownFileType = sourcecode.swift; path = AddDeviceNavigator.swift; sourceTree = "<group>"; };
		135704BB26562A6600B74344 /* ViewModelType.swift */ = {isa = PBXFileReference; lastKnownFileType = sourcecode.swift; path = ViewModelType.swift; sourceTree = "<group>"; };
		13577F4626576E410074329C /* DiscoverDeviceNavigator.swift */ = {isa = PBXFileReference; lastKnownFileType = sourcecode.swift; path = DiscoverDeviceNavigator.swift; sourceTree = "<group>"; };
		13577F4826576E670074329C /* DiscoverDeviceViewModel.swift */ = {isa = PBXFileReference; lastKnownFileType = sourcecode.swift; path = DiscoverDeviceViewModel.swift; sourceTree = "<group>"; };
		1357CD182653A85F009731D6 /* UIColor+Int.swift */ = {isa = PBXFileReference; lastKnownFileType = sourcecode.swift; path = "UIColor+Int.swift"; sourceTree = "<group>"; };
		135CFDBE2656396600D05757 /* Model.xcdatamodel */ = {isa = PBXFileReference; lastKnownFileType = wrapper.xcdatamodel; path = Model.xcdatamodel; sourceTree = "<group>"; };
		135EE14D264731A00027909B /* WLED Remote.app */ = {isa = PBXFileReference; explicitFileType = wrapper.application; includeInIndex = 0; path = "WLED Remote.app"; sourceTree = BUILT_PRODUCTS_DIR; };
		135EE150264731A00027909B /* AppDelegate.swift */ = {isa = PBXFileReference; lastKnownFileType = sourcecode.swift; path = AppDelegate.swift; sourceTree = "<group>"; };
		135EE152264731A00027909B /* SceneDelegate.swift */ = {isa = PBXFileReference; lastKnownFileType = sourcecode.swift; path = SceneDelegate.swift; sourceTree = "<group>"; };
		135EE154264731A00027909B /* MainViewController.swift */ = {isa = PBXFileReference; lastKnownFileType = sourcecode.swift; path = MainViewController.swift; sourceTree = "<group>"; };
		135EE15C264731A10027909B /* Assets.xcassets */ = {isa = PBXFileReference; lastKnownFileType = folder.assetcatalog; path = Assets.xcassets; sourceTree = "<group>"; };
		135EE15F264731A10027909B /* Base */ = {isa = PBXFileReference; lastKnownFileType = file.storyboard; name = Base; path = Base.lproj/LaunchScreen.storyboard; sourceTree = "<group>"; };
		135EE161264731A10027909B /* Info.plist */ = {isa = PBXFileReference; lastKnownFileType = text.plist.xml; path = Info.plist; sourceTree = "<group>"; };
		1380FFC12654A82200FC692E /* Nightlight.swift */ = {isa = PBXFileReference; lastKnownFileType = sourcecode.swift; path = Nightlight.swift; sourceTree = "<group>"; };
		1380FFC32654A83F00FC692E /* Segment.swift */ = {isa = PBXFileReference; lastKnownFileType = sourcecode.swift; path = Segment.swift; sourceTree = "<group>"; };
		1380FFC52654AAEA00FC692E /* JSON+Utils.swift */ = {isa = PBXFileReference; lastKnownFileType = sourcecode.swift; path = "JSON+Utils.swift"; sourceTree = "<group>"; };
		138F328B2656463100379A0F /* NSManagedObjectContext+Ext.swift */ = {isa = PBXFileReference; lastKnownFileType = sourcecode.swift; path = "NSManagedObjectContext+Ext.swift"; sourceTree = "<group>"; };
		138F32912656479900379A0F /* StateNetwork.swift */ = {isa = PBXFileReference; lastKnownFileType = sourcecode.swift; path = StateNetwork.swift; sourceTree = "<group>"; };
		138FF659264C706900216D47 /* DeviceViewController.swift */ = {isa = PBXFileReference; lastKnownFileType = sourcecode.swift; path = DeviceViewController.swift; sourceTree = "<group>"; };
		1390518B26573BCB007CA620 /* ErrorErrorErrorUIKit.framework */ = {isa = PBXFileReference; explicitFileType = wrapper.framework; includeInIndex = 0; path = ErrorErrorErrorUIKit.framework; sourceTree = BUILT_PRODUCTS_DIR; };
		1390518D26573BCB007CA620 /* ErrorErrorErrorUIKit.h */ = {isa = PBXFileReference; lastKnownFileType = sourcecode.c.h; path = ErrorErrorErrorUIKit.h; sourceTree = "<group>"; };
		1390518E26573BCB007CA620 /* Info.plist */ = {isa = PBXFileReference; lastKnownFileType = text.plist.xml; path = Info.plist; sourceTree = "<group>"; };
		13912EA42651A3D400BD5095 /* ManuallyAddDeviceViewController.swift */ = {isa = PBXFileReference; lastKnownFileType = sourcecode.swift; path = ManuallyAddDeviceViewController.swift; sourceTree = "<group>"; };
		13912EB52651D6F200BD5095 /* AddDeviceViewController.swift */ = {isa = PBXFileReference; lastKnownFileType = sourcecode.swift; path = AddDeviceViewController.swift; sourceTree = "<group>"; };
		1393CD0B2657508200BAAF44 /* DeviceItemViewModel.swift */ = {isa = PBXFileReference; lastKnownFileType = sourcecode.swift; path = DeviceItemViewModel.swift; sourceTree = "<group>"; };
		139F9FBE26507F050056FC57 /* DiscoverDeviceViewController.swift */ = {isa = PBXFileReference; lastKnownFileType = sourcecode.swift; path = DiscoverDeviceViewController.swift; sourceTree = "<group>"; };
		139F9FC1265083810056FC57 /* CardModalTransitioningDelegate.swift */ = {isa = PBXFileReference; lastKnownFileType = sourcecode.swift; path = CardModalTransitioningDelegate.swift; sourceTree = "<group>"; };
		139F9FC4265084520056FC57 /* CardModalPresentationController.swift */ = {isa = PBXFileReference; lastKnownFileType = sourcecode.swift; path = CardModalPresentationController.swift; sourceTree = "<group>"; };
		139F9FC82650C09D0056FC57 /* DeviceInfoCollectionViewCell.swift */ = {isa = PBXFileReference; lastKnownFileType = sourcecode.swift; path = DeviceInfoCollectionViewCell.swift; sourceTree = "<group>"; };
		139F9FCB2650C59B0056FC57 /* UIScreen+cornerRadiusDevice.swift */ = {isa = PBXFileReference; lastKnownFileType = sourcecode.swift; path = "UIScreen+cornerRadiusDevice.swift"; sourceTree = "<group>"; };
		13E930F0265867F500C1EEF6 /* Single+Ext.swift */ = {isa = PBXFileReference; lastKnownFileType = sourcecode.swift; path = "Single+Ext.swift"; sourceTree = "<group>"; };
		13E930F2265885EA00C1EEF6 /* DeviceNetwork.swift */ = {isa = PBXFileReference; lastKnownFileType = sourcecode.swift; path = DeviceNetwork.swift; sourceTree = "<group>"; };
		13E930F42658866D00C1EEF6 /* Network.swift */ = {isa = PBXFileReference; lastKnownFileType = sourcecode.swift; path = Network.swift; sourceTree = "<group>"; };
		4B4616C391026848545E3CB6 /* Pods-WLED Remote.release.xcconfig */ = {isa = PBXFileReference; includeInIndex = 1; lastKnownFileType = text.xcconfig; name = "Pods-WLED Remote.release.xcconfig"; path = "Target Support Files/Pods-WLED Remote/Pods-WLED Remote.release.xcconfig"; sourceTree = "<group>"; };
		4DB6FE4EE0193D0177D19A71 /* Pods-ErrorErrorErrorUIKit.debug.xcconfig */ = {isa = PBXFileReference; includeInIndex = 1; lastKnownFileType = text.xcconfig; name = "Pods-ErrorErrorErrorUIKit.debug.xcconfig"; path = "Target Support Files/Pods-ErrorErrorErrorUIKit/Pods-ErrorErrorErrorUIKit.debug.xcconfig"; sourceTree = "<group>"; };
		547F9126CAD67604AAF15EEC /* Pods-WLED Remote.debug.xcconfig */ = {isa = PBXFileReference; includeInIndex = 1; lastKnownFileType = text.xcconfig; name = "Pods-WLED Remote.debug.xcconfig"; path = "Target Support Files/Pods-WLED Remote/Pods-WLED Remote.debug.xcconfig"; sourceTree = "<group>"; };
		6EB4E333E80206DF476A2100 /* Pods_WLED_Remote.framework */ = {isa = PBXFileReference; explicitFileType = wrapper.framework; includeInIndex = 0; path = Pods_WLED_Remote.framework; sourceTree = BUILT_PRODUCTS_DIR; };
		8411C7EE1F6D383D10CC4CF5 /* Pods-WLEDKit.debug.xcconfig */ = {isa = PBXFileReference; includeInIndex = 1; lastKnownFileType = text.xcconfig; name = "Pods-WLEDKit.debug.xcconfig"; path = "Target Support Files/Pods-WLEDKit/Pods-WLEDKit.debug.xcconfig"; sourceTree = "<group>"; };
		8BDBB47A2A6CB0C3385B4D6A /* Pods_WLEDKit.framework */ = {isa = PBXFileReference; explicitFileType = wrapper.framework; includeInIndex = 0; path = Pods_WLEDKit.framework; sourceTree = BUILT_PRODUCTS_DIR; };
		CE55A6A9B93BEB1C5673B8C6 /* Pods-WLEDKit.release.xcconfig */ = {isa = PBXFileReference; includeInIndex = 1; lastKnownFileType = text.xcconfig; name = "Pods-WLEDKit.release.xcconfig"; path = "Target Support Files/Pods-WLEDKit/Pods-WLEDKit.release.xcconfig"; sourceTree = "<group>"; };
		FEA6B6837944483B052AA0F6 /* Pods-ErrorErrorErrorUIKit.release.xcconfig */ = {isa = PBXFileReference; includeInIndex = 1; lastKnownFileType = text.xcconfig; name = "Pods-ErrorErrorErrorUIKit.release.xcconfig"; path = "Target Support Files/Pods-ErrorErrorErrorUIKit/Pods-ErrorErrorErrorUIKit.release.xcconfig"; sourceTree = "<group>"; };
/* End PBXFileReference section */

/* Begin PBXFrameworksBuildPhase section */
		135EE14A264731A00027909B /* Frameworks */ = {
			isa = PBXFrameworksBuildPhase;
			buildActionMask = 2147483647;
			files = (
				1393CD10265769DD00BAAF44 /* Pods_WLED_Remote.framework in Frameworks */,
				1390519A26574041007CA620 /* ErrorErrorErrorUIKit.framework in Frameworks */,
			);
			runOnlyForDeploymentPostprocessing = 0;
		};
		1390518826573BCB007CA620 /* Frameworks */ = {
			isa = PBXFrameworksBuildPhase;
			buildActionMask = 2147483647;
			files = (
				D30749BE3C47D395E5CAA495 /* Pods_ErrorErrorErrorUIKit.framework in Frameworks */,
			);
			runOnlyForDeploymentPostprocessing = 0;
		};
/* End PBXFrameworksBuildPhase section */

/* Begin PBXGroup section */
		130C3ABB2657950800C7425D /* Bonjour */ = {
			isa = PBXGroup;
			children = (
				130C3ABE265795F000C7425D /* NetService+Rx.swift */,
				130C3AC0265795FD00C7425D /* NetServiceBrowser+Rx.swift */,
			);
			path = Bonjour;
			sourceTree = "<group>";
		};
		130C3AC22657A48800C7425D /* DiscoverDevice */ = {
			isa = PBXGroup;
			children = (
				13577F4826576E670074329C /* DiscoverDeviceViewModel.swift */,
				13577F4626576E410074329C /* DiscoverDeviceNavigator.swift */,
				139F9FBE26507F050056FC57 /* DiscoverDeviceViewController.swift */,
				130C3AC52657A7BC00C7425D /* DeviceInfoItemViewModel.swift */,
				139F9FC82650C09D0056FC57 /* DeviceInfoCollectionViewCell.swift */,
			);
			path = DiscoverDevice;
			sourceTree = "<group>";
		};
		130C3AC32657A70D00C7425D /* AddDevice */ = {
			isa = PBXGroup;
			children = (
				13912EB52651D6F200BD5095 /* AddDeviceViewController.swift */,
				135600292658362C00B16B59 /* AddDeviceViewModel.swift */,
				1356002B2658363B00B16B59 /* AddDeviceNavigator.swift */,
			);
			path = AddDevice;
			sourceTree = "<group>";
		};
		130C3AC42657A72400C7425D /* ManuallyAddDevice */ = {
			isa = PBXGroup;
			children = (
				13912EA42651A3D400BD5095 /* ManuallyAddDeviceViewController.swift */,
			);
			path = ManuallyAddDevice;
			sourceTree = "<group>";
		};
		13233C8E2656E321005B1270 /* RxCoreData */ = {
			isa = PBXGroup;
			children = (
				13233C8F2656E336005B1270 /* ContexScheduler.swift */,
				13233C912656E362005B1270 /* FetchedResultsControllerEntityObserver.swift */,
				13233C932656E37A005B1270 /* NSManagedObjectContext+Rx.swift */,
			);
			path = RxCoreData;
			sourceTree = "<group>";
		};
		13233C982656E461005B1270 /* Convertion */ = {
			isa = PBXGroup;
			children = (
				13233C9A2656E472005B1270 /* DomainConvertibleType.swift */,
				13233C992656E472005B1270 /* Persistable.swift */,
			);
			path = Convertion;
			sourceTree = "<group>";
		};
		13233CA52657339B005B1270 /* Domain */ = {
			isa = PBXGroup;
			children = (
				135704D126562DBB00B74344 /* Model */,
			);
			path = Domain;
			sourceTree = "<group>";
		};
		134DF8CA2654594D005B7DFE /* CoreData */ = {
			isa = PBXGroup;
			children = (
				135704D226562F6400B74344 /* Repository */,
				13233C8E2656E321005B1270 /* RxCoreData */,
				138F328A2656461C00379A0F /* Extensions */,
				138F32892656453800379A0F /* Entities */,
				135CFDBD2656396600D05757 /* Model.xcdatamodeld */,
				134DF8D026545A47005B7DFE /* UseCases */,
				134DF8CB2654595A005B7DFE /* CoreDataStack.swift */,
			);
			path = CoreData;
			sourceTree = "<group>";
		};
		134DF8D026545A47005B7DFE /* UseCases */ = {
			isa = PBXGroup;
			children = (
				134DF8D82654609C005B7DFE /* DevicesUseCaseProtocol.swift */,
				13233C9D2656FFB2005B1270 /* DevicesUseCase.swift */,
			);
			path = UseCases;
			sourceTree = "<group>";
		};
		1357046C2654FA5600B74344 /* Scenes */ = {
			isa = PBXGroup;
			children = (
				135EE154264731A00027909B /* MainViewController.swift */,
				135704A62656275800B74344 /* AllSettings */,
				135704A52656270500B74344 /* EditDevice */,
				135704A4265626E800B74344 /* CreateDevice */,
				1357046D2654FA5B00B74344 /* AllDevices */,
			);
			path = Scenes;
			sourceTree = "<group>";
		};
		1357046D2654FA5B00B74344 /* AllDevices */ = {
			isa = PBXGroup;
			children = (
				130CEFC9264DBB9900BECFDF /* DeviceCollectionViewCell.swift */,
				13209476264C9F1F007049D7 /* DevicesViewController.swift */,
				13233CA126572E71005B1270 /* DevicesViewModel.swift */,
				13233CA326572F06005B1270 /* DevicesNavigator.swift */,
				1393CD0B2657508200BAAF44 /* DeviceItemViewModel.swift */,
			);
			path = AllDevices;
			sourceTree = "<group>";
		};
		135704A4265626E800B74344 /* CreateDevice */ = {
			isa = PBXGroup;
			children = (
				130C3AC42657A72400C7425D /* ManuallyAddDevice */,
				130C3AC32657A70D00C7425D /* AddDevice */,
				130C3AC22657A48800C7425D /* DiscoverDevice */,
			);
			path = CreateDevice;
			sourceTree = "<group>";
		};
		135704A52656270500B74344 /* EditDevice */ = {
			isa = PBXGroup;
			children = (
				138FF659264C706900216D47 /* DeviceViewController.swift */,
			);
			path = EditDevice;
			sourceTree = "<group>";
		};
		135704A62656275800B74344 /* AllSettings */ = {
			isa = PBXGroup;
			children = (
				132853B626530C9E006F3692 /* SettingsViewController.swift */,
			);
			path = AllSettings;
			sourceTree = "<group>";
		};
		135704A72656276B00B74344 /* Common */ = {
			isa = PBXGroup;
			children = (
				130CEFCB264DCA9300BECFDF /* BrightnessSlider.swift */,
				135704BB26562A6600B74344 /* ViewModelType.swift */,
			);
			path = Common;
			sourceTree = "<group>";
		};
		135704B92656283800B74344 /* CardModal */ = {
			isa = PBXGroup;
			children = (
				139F9FC1265083810056FC57 /* CardModalTransitioningDelegate.swift */,
				139F9FC4265084520056FC57 /* CardModalPresentationController.swift */,
			);
			path = CardModal;
			sourceTree = "<group>";
		};
		135704BA2656298D00B74344 /* Application */ = {
			isa = PBXGroup;
			children = (
				13233C9F265726F2005B1270 /* Application.swift */,
			);
			path = Application;
			sourceTree = "<group>";
		};
		135704D126562DBB00B74344 /* Model */ = {
			isa = PBXGroup;
			children = (
				13209478264CA3FA007049D7 /* Preset.swift */,
				13209481264D1534007049D7 /* State.swift */,
				130CEFC2264D1D5900BECFDF /* Info.swift */,
				134DF8D526545C24005B7DFE /* Device.swift */,
				1380FFC12654A82200FC692E /* Nightlight.swift */,
				1380FFC32654A83F00FC692E /* Segment.swift */,
			);
			path = Model;
			sourceTree = "<group>";
		};
		135704D226562F6400B74344 /* Repository */ = {
			isa = PBXGroup;
			children = (
				13233C8C2656E286005B1270 /* Repository.swift */,
			);
			path = Repository;
			sourceTree = "<group>";
		};
		135EE144264731A00027909B = {
			isa = PBXGroup;
			children = (
				135EE14F264731A00027909B /* WLED Remote */,
				1390518C26573BCB007CA620 /* ErrorErrorErrorUIKit */,
				135EE14E264731A00027909B /* Products */,
				DF1ACE9D95E33863870EF693 /* Pods */,
				89C8DE4967D0B33B586E7866 /* Frameworks */,
			);
			sourceTree = "<group>";
		};
		135EE14E264731A00027909B /* Products */ = {
			isa = PBXGroup;
			children = (
				135EE14D264731A00027909B /* WLED Remote.app */,
				1390518B26573BCB007CA620 /* ErrorErrorErrorUIKit.framework */,
			);
			name = Products;
			sourceTree = "<group>";
		};
		135EE14F264731A00027909B /* WLED Remote */ = {
			isa = PBXGroup;
			children = (
				13233C892656E23F005B1270 /* UseCaseProvider.swift */,
				134DF8CA2654594D005B7DFE /* CoreData */,
				138FF658264C6E0400216D47 /* Network */,
				13233CA52657339B005B1270 /* Domain */,
				135704BA2656298D00B74344 /* Application */,
				135704A72656276B00B74344 /* Common */,
				1357046C2654FA5600B74344 /* Scenes */,
				139F9FCA2650C5890056FC57 /* Utility */,
				135EE150264731A00027909B /* AppDelegate.swift */,
				135EE152264731A00027909B /* SceneDelegate.swift */,
				135EE15C264731A10027909B /* Assets.xcassets */,
				135EE15E264731A10027909B /* LaunchScreen.storyboard */,
				135EE161264731A10027909B /* Info.plist */,
			);
			path = "WLED Remote";
			sourceTree = "<group>";
		};
		138F32892656453800379A0F /* Entities */ = {
			isa = PBXGroup;
			children = (
				13512FE72658B1DF00C4040F /* CDDevice+CoreDataClass.swift */,
				13233C982656E461005B1270 /* Convertion */,
				132853B02652EDFF006F3692 /* CDDevice+CoreDataProperties.swift */,
				134DF8D326545BB1005B7DFE /* CDDevice+Ext.swift */,
			);
			path = Entities;
			sourceTree = "<group>";
		};
		138F328A2656461C00379A0F /* Extensions */ = {
			isa = PBXGroup;
			children = (
				138F328B2656463100379A0F /* NSManagedObjectContext+Ext.swift */,
			);
			path = Extensions;
			sourceTree = "<group>";
		};
		138F32902656477F00379A0F /* API */ = {
			isa = PBXGroup;
			children = (
				138F32912656479900379A0F /* StateNetwork.swift */,
				13E930F2265885EA00C1EEF6 /* DeviceNetwork.swift */,
			);
			path = API;
			sourceTree = "<group>";
		};
		138FF658264C6E0400216D47 /* Network */ = {
			isa = PBXGroup;
			children = (
				130C3ABB2657950800C7425D /* Bonjour */,
				138F32902656477F00379A0F /* API */,
				13E930F42658866D00C1EEF6 /* Network.swift */,
			);
			path = Network;
			sourceTree = "<group>";
		};
		1390518C26573BCB007CA620 /* ErrorErrorErrorUIKit */ = {
			isa = PBXGroup;
			children = (
				135704B92656283800B74344 /* CardModal */,
				1390518D26573BCB007CA620 /* ErrorErrorErrorUIKit.h */,
				1390518E26573BCB007CA620 /* Info.plist */,
			);
			path = ErrorErrorErrorUIKit;
			sourceTree = "<group>";
		};
		139F9FCA2650C5890056FC57 /* Utility */ = {
			isa = PBXGroup;
			children = (
				13233C962656E448005B1270 /* Observable+Ext.swift */,
				1380FFC52654AAEA00FC692E /* JSON+Utils.swift */,
				139F9FCB2650C59B0056FC57 /* UIScreen+cornerRadiusDevice.swift */,
				1357CD182653A85F009731D6 /* UIColor+Int.swift */,
				13E930F0265867F500C1EEF6 /* Single+Ext.swift */,
			);
			path = Utility;
			sourceTree = "<group>";
		};
		89C8DE4967D0B33B586E7866 /* Frameworks */ = {
			isa = PBXGroup;
			children = (
				6EB4E333E80206DF476A2100 /* Pods_WLED_Remote.framework */,
				0D55626E9B4BB38966FE5563 /* Pods_ErrorErrorErrorUIKit.framework */,
				8BDBB47A2A6CB0C3385B4D6A /* Pods_WLEDKit.framework */,
			);
			name = Frameworks;
			sourceTree = "<group>";
		};
		DF1ACE9D95E33863870EF693 /* Pods */ = {
			isa = PBXGroup;
			children = (
				547F9126CAD67604AAF15EEC /* Pods-WLED Remote.debug.xcconfig */,
				4B4616C391026848545E3CB6 /* Pods-WLED Remote.release.xcconfig */,
				4DB6FE4EE0193D0177D19A71 /* Pods-ErrorErrorErrorUIKit.debug.xcconfig */,
				FEA6B6837944483B052AA0F6 /* Pods-ErrorErrorErrorUIKit.release.xcconfig */,
				8411C7EE1F6D383D10CC4CF5 /* Pods-WLEDKit.debug.xcconfig */,
				CE55A6A9B93BEB1C5673B8C6 /* Pods-WLEDKit.release.xcconfig */,
			);
			path = Pods;
			sourceTree = "<group>";
		};
/* End PBXGroup section */

/* Begin PBXHeadersBuildPhase section */
		1390518626573BCB007CA620 /* Headers */ = {
			isa = PBXHeadersBuildPhase;
			buildActionMask = 2147483647;
			files = (
				1390518F26573BCB007CA620 /* ErrorErrorErrorUIKit.h in Headers */,
			);
			runOnlyForDeploymentPostprocessing = 0;
		};
/* End PBXHeadersBuildPhase section */

/* Begin PBXNativeTarget section */
		135EE14C264731A00027909B /* WLED Remote */ = {
			isa = PBXNativeTarget;
			buildConfigurationList = 135EE164264731A10027909B /* Build configuration list for PBXNativeTarget "WLED Remote" */;
			buildPhases = (
				9C0A56CAF20088E9F6A41225 /* [CP] Check Pods Manifest.lock */,
				135EE149264731A00027909B /* Sources */,
				135EE14A264731A00027909B /* Frameworks */,
				135EE14B264731A00027909B /* Resources */,
				E92379B8D57B56E2EE22E177 /* [CP] Embed Pods Frameworks */,
				1390519E26574041007CA620 /* Embed Frameworks */,
			);
			buildRules = (
			);
			dependencies = (
				1390519D26574041007CA620 /* PBXTargetDependency */,
			);
			name = "WLED Remote";
			productName = "WLED Remote";
			productReference = 135EE14D264731A00027909B /* WLED Remote.app */;
			productType = "com.apple.product-type.application";
		};
		1390518A26573BCB007CA620 /* ErrorErrorErrorUIKit */ = {
			isa = PBXNativeTarget;
			buildConfigurationList = 1390519426573BCB007CA620 /* Build configuration list for PBXNativeTarget "ErrorErrorErrorUIKit" */;
			buildPhases = (
				18B66239B2907261126E4054 /* [CP] Check Pods Manifest.lock */,
				1390518626573BCB007CA620 /* Headers */,
				1390518726573BCB007CA620 /* Sources */,
				1390518826573BCB007CA620 /* Frameworks */,
				1390518926573BCB007CA620 /* Resources */,
			);
			buildRules = (
			);
			dependencies = (
			);
			name = ErrorErrorErrorUIKit;
			productName = ErrorErrorErrorUIKit;
			productReference = 1390518B26573BCB007CA620 /* ErrorErrorErrorUIKit.framework */;
			productType = "com.apple.product-type.framework";
		};
/* End PBXNativeTarget section */

/* Begin PBXProject section */
		135EE145264731A00027909B /* Project object */ = {
			isa = PBXProject;
			attributes = {
				LastSwiftUpdateCheck = 1250;
				LastUpgradeCheck = 1250;
				TargetAttributes = {
					135EE14C264731A00027909B = {
						CreatedOnToolsVersion = 12.5;
					};
					1390518A26573BCB007CA620 = {
						CreatedOnToolsVersion = 12.5;
					};
				};
			};
			buildConfigurationList = 135EE148264731A00027909B /* Build configuration list for PBXProject "WLED Remote" */;
			compatibilityVersion = "Xcode 9.3";
			developmentRegion = en;
			hasScannedForEncodings = 0;
			knownRegions = (
				en,
				Base,
			);
			mainGroup = 135EE144264731A00027909B;
			productRefGroup = 135EE14E264731A00027909B /* Products */;
			projectDirPath = "";
			projectRoot = "";
			targets = (
				135EE14C264731A00027909B /* WLED Remote */,
				1390518A26573BCB007CA620 /* ErrorErrorErrorUIKit */,
			);
		};
/* End PBXProject section */

/* Begin PBXResourcesBuildPhase section */
		135EE14B264731A00027909B /* Resources */ = {
			isa = PBXResourcesBuildPhase;
			buildActionMask = 2147483647;
			files = (
				135EE160264731A10027909B /* LaunchScreen.storyboard in Resources */,
				135EE15D264731A10027909B /* Assets.xcassets in Resources */,
			);
			runOnlyForDeploymentPostprocessing = 0;
		};
		1390518926573BCB007CA620 /* Resources */ = {
			isa = PBXResourcesBuildPhase;
			buildActionMask = 2147483647;
			files = (
			);
			runOnlyForDeploymentPostprocessing = 0;
		};
/* End PBXResourcesBuildPhase section */

/* Begin PBXShellScriptBuildPhase section */
		18B66239B2907261126E4054 /* [CP] Check Pods Manifest.lock */ = {
			isa = PBXShellScriptBuildPhase;
			buildActionMask = 2147483647;
			files = (
			);
			inputFileListPaths = (
			);
			inputPaths = (
				"${PODS_PODFILE_DIR_PATH}/Podfile.lock",
				"${PODS_ROOT}/Manifest.lock",
			);
			name = "[CP] Check Pods Manifest.lock";
			outputFileListPaths = (
			);
			outputPaths = (
				"$(DERIVED_FILE_DIR)/Pods-ErrorErrorErrorUIKit-checkManifestLockResult.txt",
			);
			runOnlyForDeploymentPostprocessing = 0;
			shellPath = /bin/sh;
			shellScript = "diff \"${PODS_PODFILE_DIR_PATH}/Podfile.lock\" \"${PODS_ROOT}/Manifest.lock\" > /dev/null\nif [ $? != 0 ] ; then\n    # print error to STDERR\n    echo \"error: The sandbox is not in sync with the Podfile.lock. Run 'pod install' or update your CocoaPods installation.\" >&2\n    exit 1\nfi\n# This output is used by Xcode 'outputs' to avoid re-running this script phase.\necho \"SUCCESS\" > \"${SCRIPT_OUTPUT_FILE_0}\"\n";
			showEnvVarsInLog = 0;
		};
		9C0A56CAF20088E9F6A41225 /* [CP] Check Pods Manifest.lock */ = {
			isa = PBXShellScriptBuildPhase;
			buildActionMask = 2147483647;
			files = (
			);
			inputFileListPaths = (
			);
			inputPaths = (
				"${PODS_PODFILE_DIR_PATH}/Podfile.lock",
				"${PODS_ROOT}/Manifest.lock",
			);
			name = "[CP] Check Pods Manifest.lock";
			outputFileListPaths = (
			);
			outputPaths = (
				"$(DERIVED_FILE_DIR)/Pods-WLED Remote-checkManifestLockResult.txt",
			);
			runOnlyForDeploymentPostprocessing = 0;
			shellPath = /bin/sh;
			shellScript = "diff \"${PODS_PODFILE_DIR_PATH}/Podfile.lock\" \"${PODS_ROOT}/Manifest.lock\" > /dev/null\nif [ $? != 0 ] ; then\n    # print error to STDERR\n    echo \"error: The sandbox is not in sync with the Podfile.lock. Run 'pod install' or update your CocoaPods installation.\" >&2\n    exit 1\nfi\n# This output is used by Xcode 'outputs' to avoid re-running this script phase.\necho \"SUCCESS\" > \"${SCRIPT_OUTPUT_FILE_0}\"\n";
			showEnvVarsInLog = 0;
		};
		E92379B8D57B56E2EE22E177 /* [CP] Embed Pods Frameworks */ = {
			isa = PBXShellScriptBuildPhase;
			buildActionMask = 2147483647;
			files = (
			);
			inputFileListPaths = (
				"${PODS_ROOT}/Target Support Files/Pods-WLED Remote/Pods-WLED Remote-frameworks-${CONFIGURATION}-input-files.xcfilelist",
			);
			name = "[CP] Embed Pods Frameworks";
			outputFileListPaths = (
				"${PODS_ROOT}/Target Support Files/Pods-WLED Remote/Pods-WLED Remote-frameworks-${CONFIGURATION}-output-files.xcfilelist",
			);
			runOnlyForDeploymentPostprocessing = 0;
			shellPath = /bin/sh;
			shellScript = "\"${PODS_ROOT}/Target Support Files/Pods-WLED Remote/Pods-WLED Remote-frameworks.sh\"\n";
			showEnvVarsInLog = 0;
		};
/* End PBXShellScriptBuildPhase section */

/* Begin PBXSourcesBuildPhase section */
		135EE149264731A00027909B /* Sources */ = {
			isa = PBXSourcesBuildPhase;
			buildActionMask = 2147483647;
			files = (
				1356002A2658362C00B16B59 /* AddDeviceViewModel.swift in Sources */,
				13577F4726576E410074329C /* DiscoverDeviceNavigator.swift in Sources */,
				13233CB42657340B005B1270 /* DevicesUseCase.swift in Sources */,
				13233CA0265726F2005B1270 /* Application.swift in Sources */,
				130C3ABF265795F000C7425D /* NetService+Rx.swift in Sources */,
				13233CBB26573426005B1270 /* Preset.swift in Sources */,
				13233CC026573426005B1270 /* Info.swift in Sources */,
				135EE155264731A00027909B /* MainViewController.swift in Sources */,
				13577F4926576E670074329C /* DiscoverDeviceViewModel.swift in Sources */,
				13233CAB265733FB005B1270 /* NSManagedObjectContext+Ext.swift in Sources */,
				13233CA226572E71005B1270 /* DevicesViewModel.swift in Sources */,
				13233CAA265733F6005B1270 /* ContexScheduler.swift in Sources */,
				13233CBC26573426005B1270 /* State.swift in Sources */,
				13209477264C9F1F007049D7 /* DevicesViewController.swift in Sources */,
				130CEFCC264DCA9300BECFDF /* BrightnessSlider.swift in Sources */,
				13233CB22657340B005B1270 /* UseCaseProvider.swift in Sources */,
				13233CA426572F06005B1270 /* DevicesNavigator.swift in Sources */,
				135704BC26562A6600B74344 /* ViewModelType.swift in Sources */,
				13233CAC265733FB005B1270 /* Observable+Ext.swift in Sources */,
				13233CA8265733F6005B1270 /* FetchedResultsControllerEntityObserver.swift in Sources */,
				13233CA7265733F0005B1270 /* Repository.swift in Sources */,
				1393CD0C2657508200BAAF44 /* DeviceItemViewModel.swift in Sources */,
				13233CA6265733C6005B1270 /* JSON+Utils.swift in Sources */,
				130CEFCA264DBB9900BECFDF /* DeviceCollectionViewCell.swift in Sources */,
				13E930F3265885EA00C1EEF6 /* DeviceNetwork.swift in Sources */,
				13512FE82658B1DF00C4040F /* CDDevice+CoreDataClass.swift in Sources */,
				13E930F52658866D00C1EEF6 /* Network.swift in Sources */,
				13912EA52651A3D400BD5095 /* ManuallyAddDeviceViewController.swift in Sources */,
				1356002C2658363B00B16B59 /* AddDeviceNavigator.swift in Sources */,
				13912EB62651D6F200BD5095 /* AddDeviceViewController.swift in Sources */,
				139F9FCC2650C59B0056FC57 /* UIScreen+cornerRadiusDevice.swift in Sources */,
				13233CBE26573426005B1270 /* Nightlight.swift in Sources */,
				13233CB62657341A005B1270 /* StateNetwork.swift in Sources */,
				139F9FC92650C09D0056FC57 /* DeviceInfoCollectionViewCell.swift in Sources */,
				138FF65A264C706900216D47 /* DeviceViewController.swift in Sources */,
				130C3AC62657A7BC00C7425D /* DeviceInfoItemViewModel.swift in Sources */,
				13233CBF26573426005B1270 /* Segment.swift in Sources */,
				13233CB32657340B005B1270 /* DevicesUseCaseProtocol.swift in Sources */,
				139F9FBF26507F050056FC57 /* DiscoverDeviceViewController.swift in Sources */,
				13233CA9265733F6005B1270 /* NSManagedObjectContext+Rx.swift in Sources */,
				135EE151264731A00027909B /* AppDelegate.swift in Sources */,
				135EE153264731A00027909B /* SceneDelegate.swift in Sources */,
				13233CB126573403005B1270 /* Persistable.swift in Sources */,
				13512FE92659050F00C4040F /* Model.xcdatamodeld in Sources */,
				13E930F1265867F500C1EEF6 /* Single+Ext.swift in Sources */,
				13233CBD26573426005B1270 /* Device.swift in Sources */,
				13233CAE26573400005B1270 /* CDDevice+CoreDataProperties.swift in Sources */,
				13233CB52657340D005B1270 /* CoreDataStack.swift in Sources */,
				1357CD192653A85F009731D6 /* UIColor+Int.swift in Sources */,
				130C3AC1265795FD00C7425D /* NetServiceBrowser+Rx.swift in Sources */,
				13233CAD26573400005B1270 /* CDDevice+Ext.swift in Sources */,
				132853B726530C9E006F3692 /* SettingsViewController.swift in Sources */,
				13233CB026573403005B1270 /* DomainConvertibleType.swift in Sources */,
			);
			runOnlyForDeploymentPostprocessing = 0;
		};
		1390518726573BCB007CA620 /* Sources */ = {
			isa = PBXSourcesBuildPhase;
			buildActionMask = 2147483647;
			files = (
				1390519726573C6C007CA620 /* CardModalTransitioningDelegate.swift in Sources */,
				1390519826573C6C007CA620 /* CardModalPresentationController.swift in Sources */,
			);
			runOnlyForDeploymentPostprocessing = 0;
		};
/* End PBXSourcesBuildPhase section */

/* Begin PBXTargetDependency section */
		1390519D26574041007CA620 /* PBXTargetDependency */ = {
			isa = PBXTargetDependency;
			target = 1390518A26573BCB007CA620 /* ErrorErrorErrorUIKit */;
			targetProxy = 1390519C26574041007CA620 /* PBXContainerItemProxy */;
		};
/* End PBXTargetDependency section */

/* Begin PBXVariantGroup section */
		135EE15E264731A10027909B /* LaunchScreen.storyboard */ = {
			isa = PBXVariantGroup;
			children = (
				135EE15F264731A10027909B /* Base */,
			);
			name = LaunchScreen.storyboard;
			sourceTree = "<group>";
		};
/* End PBXVariantGroup section */

/* Begin XCBuildConfiguration section */
		135EE162264731A10027909B /* Debug */ = {
			isa = XCBuildConfiguration;
			buildSettings = {
				ALWAYS_SEARCH_USER_PATHS = NO;
				CLANG_ANALYZER_NONNULL = YES;
				CLANG_ANALYZER_NUMBER_OBJECT_CONVERSION = YES_AGGRESSIVE;
				CLANG_CXX_LANGUAGE_STANDARD = "gnu++14";
				CLANG_CXX_LIBRARY = "libc++";
				CLANG_ENABLE_MODULES = YES;
				CLANG_ENABLE_OBJC_ARC = YES;
				CLANG_ENABLE_OBJC_WEAK = YES;
				CLANG_WARN_BLOCK_CAPTURE_AUTORELEASING = YES;
				CLANG_WARN_BOOL_CONVERSION = YES;
				CLANG_WARN_COMMA = YES;
				CLANG_WARN_CONSTANT_CONVERSION = YES;
				CLANG_WARN_DEPRECATED_OBJC_IMPLEMENTATIONS = YES;
				CLANG_WARN_DIRECT_OBJC_ISA_USAGE = YES_ERROR;
				CLANG_WARN_DOCUMENTATION_COMMENTS = YES;
				CLANG_WARN_EMPTY_BODY = YES;
				CLANG_WARN_ENUM_CONVERSION = YES;
				CLANG_WARN_INFINITE_RECURSION = YES;
				CLANG_WARN_INT_CONVERSION = YES;
				CLANG_WARN_NON_LITERAL_NULL_CONVERSION = YES;
				CLANG_WARN_OBJC_IMPLICIT_RETAIN_SELF = YES;
				CLANG_WARN_OBJC_LITERAL_CONVERSION = YES;
				CLANG_WARN_OBJC_ROOT_CLASS = YES_ERROR;
				CLANG_WARN_QUOTED_INCLUDE_IN_FRAMEWORK_HEADER = YES;
				CLANG_WARN_RANGE_LOOP_ANALYSIS = YES;
				CLANG_WARN_STRICT_PROTOTYPES = YES;
				CLANG_WARN_SUSPICIOUS_MOVE = YES;
				CLANG_WARN_UNGUARDED_AVAILABILITY = YES_AGGRESSIVE;
				CLANG_WARN_UNREACHABLE_CODE = YES;
				CLANG_WARN__DUPLICATE_METHOD_MATCH = YES;
				COPY_PHASE_STRIP = NO;
				DEBUG_INFORMATION_FORMAT = dwarf;
				ENABLE_STRICT_OBJC_MSGSEND = YES;
				ENABLE_TESTABILITY = YES;
				GCC_C_LANGUAGE_STANDARD = gnu11;
				GCC_DYNAMIC_NO_PIC = NO;
				GCC_NO_COMMON_BLOCKS = YES;
				GCC_OPTIMIZATION_LEVEL = 0;
				GCC_PREPROCESSOR_DEFINITIONS = (
					"DEBUG=1",
					"$(inherited)",
				);
				GCC_WARN_64_TO_32_BIT_CONVERSION = YES;
				GCC_WARN_ABOUT_RETURN_TYPE = YES_ERROR;
				GCC_WARN_UNDECLARED_SELECTOR = YES;
				GCC_WARN_UNINITIALIZED_AUTOS = YES_AGGRESSIVE;
				GCC_WARN_UNUSED_FUNCTION = YES;
				GCC_WARN_UNUSED_VARIABLE = YES;
				IPHONEOS_DEPLOYMENT_TARGET = 14.3;
				MTL_ENABLE_DEBUG_INFO = INCLUDE_SOURCE;
				MTL_FAST_MATH = YES;
				ONLY_ACTIVE_ARCH = YES;
				SDKROOT = iphoneos;
				SWIFT_ACTIVE_COMPILATION_CONDITIONS = DEBUG;
				SWIFT_OPTIMIZATION_LEVEL = "-Onone";
			};
			name = Debug;
		};
		135EE163264731A10027909B /* Release */ = {
			isa = XCBuildConfiguration;
			buildSettings = {
				ALWAYS_SEARCH_USER_PATHS = NO;
				CLANG_ANALYZER_NONNULL = YES;
				CLANG_ANALYZER_NUMBER_OBJECT_CONVERSION = YES_AGGRESSIVE;
				CLANG_CXX_LANGUAGE_STANDARD = "gnu++14";
				CLANG_CXX_LIBRARY = "libc++";
				CLANG_ENABLE_MODULES = YES;
				CLANG_ENABLE_OBJC_ARC = YES;
				CLANG_ENABLE_OBJC_WEAK = YES;
				CLANG_WARN_BLOCK_CAPTURE_AUTORELEASING = YES;
				CLANG_WARN_BOOL_CONVERSION = YES;
				CLANG_WARN_COMMA = YES;
				CLANG_WARN_CONSTANT_CONVERSION = YES;
				CLANG_WARN_DEPRECATED_OBJC_IMPLEMENTATIONS = YES;
				CLANG_WARN_DIRECT_OBJC_ISA_USAGE = YES_ERROR;
				CLANG_WARN_DOCUMENTATION_COMMENTS = YES;
				CLANG_WARN_EMPTY_BODY = YES;
				CLANG_WARN_ENUM_CONVERSION = YES;
				CLANG_WARN_INFINITE_RECURSION = YES;
				CLANG_WARN_INT_CONVERSION = YES;
				CLANG_WARN_NON_LITERAL_NULL_CONVERSION = YES;
				CLANG_WARN_OBJC_IMPLICIT_RETAIN_SELF = YES;
				CLANG_WARN_OBJC_LITERAL_CONVERSION = YES;
				CLANG_WARN_OBJC_ROOT_CLASS = YES_ERROR;
				CLANG_WARN_QUOTED_INCLUDE_IN_FRAMEWORK_HEADER = YES;
				CLANG_WARN_RANGE_LOOP_ANALYSIS = YES;
				CLANG_WARN_STRICT_PROTOTYPES = YES;
				CLANG_WARN_SUSPICIOUS_MOVE = YES;
				CLANG_WARN_UNGUARDED_AVAILABILITY = YES_AGGRESSIVE;
				CLANG_WARN_UNREACHABLE_CODE = YES;
				CLANG_WARN__DUPLICATE_METHOD_MATCH = YES;
				COPY_PHASE_STRIP = NO;
				DEBUG_INFORMATION_FORMAT = "dwarf-with-dsym";
				ENABLE_NS_ASSERTIONS = NO;
				ENABLE_STRICT_OBJC_MSGSEND = YES;
				GCC_C_LANGUAGE_STANDARD = gnu11;
				GCC_NO_COMMON_BLOCKS = YES;
				GCC_WARN_64_TO_32_BIT_CONVERSION = YES;
				GCC_WARN_ABOUT_RETURN_TYPE = YES_ERROR;
				GCC_WARN_UNDECLARED_SELECTOR = YES;
				GCC_WARN_UNINITIALIZED_AUTOS = YES_AGGRESSIVE;
				GCC_WARN_UNUSED_FUNCTION = YES;
				GCC_WARN_UNUSED_VARIABLE = YES;
				IPHONEOS_DEPLOYMENT_TARGET = 14.3;
				MTL_ENABLE_DEBUG_INFO = NO;
				MTL_FAST_MATH = YES;
				SDKROOT = iphoneos;
				SWIFT_COMPILATION_MODE = wholemodule;
				SWIFT_OPTIMIZATION_LEVEL = "-O";
				VALIDATE_PRODUCT = YES;
			};
			name = Release;
		};
		135EE165264731A10027909B /* Debug */ = {
			isa = XCBuildConfiguration;
			baseConfigurationReference = 547F9126CAD67604AAF15EEC /* Pods-WLED Remote.debug.xcconfig */;
			buildSettings = {
				ASSETCATALOG_COMPILER_APPICON_NAME = AppIcon;
				ASSETCATALOG_COMPILER_GLOBAL_ACCENT_COLOR_NAME = AccentColor;
				CODE_SIGN_STYLE = Automatic;
				DEVELOPMENT_TEAM = A6HC4Y86NJ;
				INFOPLIST_FILE = "WLED Remote/Info.plist";
				IPHONEOS_DEPLOYMENT_TARGET = 14.3;
				LD_RUNPATH_SEARCH_PATHS = (
					"$(inherited)",
					"@executable_path/Frameworks",
				);
				PRODUCT_BUNDLE_IDENTIFIER = "com.errorerrorerror.WLED-Remote";
				PRODUCT_NAME = "$(TARGET_NAME)";
				SWIFT_VERSION = 5.0;
				TARGETED_DEVICE_FAMILY = 1;
			};
			name = Debug;
		};
		135EE166264731A10027909B /* Release */ = {
			isa = XCBuildConfiguration;
			baseConfigurationReference = 4B4616C391026848545E3CB6 /* Pods-WLED Remote.release.xcconfig */;
			buildSettings = {
				ASSETCATALOG_COMPILER_APPICON_NAME = AppIcon;
				ASSETCATALOG_COMPILER_GLOBAL_ACCENT_COLOR_NAME = AccentColor;
				CODE_SIGN_STYLE = Automatic;
				DEVELOPMENT_TEAM = A6HC4Y86NJ;
				INFOPLIST_FILE = "WLED Remote/Info.plist";
				IPHONEOS_DEPLOYMENT_TARGET = 14.3;
				LD_RUNPATH_SEARCH_PATHS = (
					"$(inherited)",
					"@executable_path/Frameworks",
				);
				PRODUCT_BUNDLE_IDENTIFIER = "com.errorerrorerror.WLED-Remote";
				PRODUCT_NAME = "$(TARGET_NAME)";
				SWIFT_VERSION = 5.0;
				TARGETED_DEVICE_FAMILY = 1;
			};
			name = Release;
		};
		1390519526573BCB007CA620 /* Debug */ = {
			isa = XCBuildConfiguration;
			baseConfigurationReference = 4DB6FE4EE0193D0177D19A71 /* Pods-ErrorErrorErrorUIKit.debug.xcconfig */;
			buildSettings = {
				CODE_SIGN_STYLE = Automatic;
				CURRENT_PROJECT_VERSION = 1;
				DEFINES_MODULE = YES;
				DEVELOPMENT_TEAM = A6HC4Y86NJ;
				DYLIB_COMPATIBILITY_VERSION = 1;
				DYLIB_CURRENT_VERSION = 1;
				DYLIB_INSTALL_NAME_BASE = "@rpath";
				INFOPLIST_FILE = ErrorErrorErrorUIKit/Info.plist;
				INSTALL_PATH = "$(LOCAL_LIBRARY_DIR)/Frameworks";
				IPHONEOS_DEPLOYMENT_TARGET = 14.3;
				LD_RUNPATH_SEARCH_PATHS = (
					"$(inherited)",
					"@executable_path/Frameworks",
					"@loader_path/Frameworks",
				);
				PRODUCT_BUNDLE_IDENTIFIER = com.errorerrorerror.ErrorErrorErrorUIKit;
				PRODUCT_NAME = "$(TARGET_NAME:c99extidentifier)";
				SKIP_INSTALL = YES;
				SUPPORTS_MACCATALYST = NO;
				SWIFT_VERSION = 5.0;
				TARGETED_DEVICE_FAMILY = 1;
				VERSIONING_SYSTEM = "apple-generic";
				VERSION_INFO_PREFIX = "";
			};
			name = Debug;
		};
		1390519626573BCB007CA620 /* Release */ = {
			isa = XCBuildConfiguration;
			baseConfigurationReference = FEA6B6837944483B052AA0F6 /* Pods-ErrorErrorErrorUIKit.release.xcconfig */;
			buildSettings = {
				CODE_SIGN_STYLE = Automatic;
				CURRENT_PROJECT_VERSION = 1;
				DEFINES_MODULE = YES;
				DEVELOPMENT_TEAM = A6HC4Y86NJ;
				DYLIB_COMPATIBILITY_VERSION = 1;
				DYLIB_CURRENT_VERSION = 1;
				DYLIB_INSTALL_NAME_BASE = "@rpath";
				INFOPLIST_FILE = ErrorErrorErrorUIKit/Info.plist;
				INSTALL_PATH = "$(LOCAL_LIBRARY_DIR)/Frameworks";
				IPHONEOS_DEPLOYMENT_TARGET = 14.3;
				LD_RUNPATH_SEARCH_PATHS = (
					"$(inherited)",
					"@executable_path/Frameworks",
					"@loader_path/Frameworks",
				);
				PRODUCT_BUNDLE_IDENTIFIER = com.errorerrorerror.ErrorErrorErrorUIKit;
				PRODUCT_NAME = "$(TARGET_NAME:c99extidentifier)";
				SKIP_INSTALL = YES;
				SUPPORTS_MACCATALYST = NO;
				SWIFT_VERSION = 5.0;
				TARGETED_DEVICE_FAMILY = 1;
				VERSIONING_SYSTEM = "apple-generic";
				VERSION_INFO_PREFIX = "";
			};
			name = Release;
		};
/* End XCBuildConfiguration section */

/* Begin XCConfigurationList section */
		135EE148264731A00027909B /* Build configuration list for PBXProject "WLED Remote" */ = {
			isa = XCConfigurationList;
			buildConfigurations = (
				135EE162264731A10027909B /* Debug */,
				135EE163264731A10027909B /* Release */,
			);
			defaultConfigurationIsVisible = 0;
			defaultConfigurationName = Release;
		};
		135EE164264731A10027909B /* Build configuration list for PBXNativeTarget "WLED Remote" */ = {
			isa = XCConfigurationList;
			buildConfigurations = (
				135EE165264731A10027909B /* Debug */,
				135EE166264731A10027909B /* Release */,
			);
			defaultConfigurationIsVisible = 0;
			defaultConfigurationName = Release;
		};
		1390519426573BCB007CA620 /* Build configuration list for PBXNativeTarget "ErrorErrorErrorUIKit" */ = {
			isa = XCConfigurationList;
			buildConfigurations = (
				1390519526573BCB007CA620 /* Debug */,
				1390519626573BCB007CA620 /* Release */,
			);
			defaultConfigurationIsVisible = 0;
			defaultConfigurationName = Release;
		};
/* End XCConfigurationList section */

/* Begin XCVersionGroup section */
		135CFDBD2656396600D05757 /* Model.xcdatamodeld */ = {
			isa = XCVersionGroup;
			children = (
				135CFDBE2656396600D05757 /* Model.xcdatamodel */,
			);
			currentVersion = 135CFDBE2656396600D05757 /* Model.xcdatamodel */;
			path = Model.xcdatamodeld;
			sourceTree = "<group>";
			versionGroupType = wrapper.xcdatamodel;
		};
/* End XCVersionGroup section */
	};
	rootObject = 135EE145264731A00027909B /* Project object */;
}
